// !$*UTF8*$!
{
	archiveVersion = 1;
	classes = {
	};
	objectVersion = 51;
	objects = {

/* Begin PBXBuildFile section */
		1047D1AD2252BFFF001B7F10 /* EthNetwork.swift in Sources */ = {isa = PBXBuildFile; fileRef = 1047D1AC2252BFFF001B7F10 /* EthNetwork.swift */; };
		1047D1B02252C063001B7F10 /* NetRPC.swift in Sources */ = {isa = PBXBuildFile; fileRef = 1047D1AF2252C063001B7F10 /* NetRPC.swift */; };
		1047D1B22252C06F001B7F10 /* EthRPC.swift in Sources */ = {isa = PBXBuildFile; fileRef = 1047D1B12252C06F001B7F10 /* EthRPC.swift */; };
		1047D1B42252E6DE001B7F10 /* EthBlockTag.swift in Sources */ = {isa = PBXBuildFile; fileRef = 1047D1B32252E6DE001B7F10 /* EthBlockTag.swift */; };
		1047D1B62252E6F1001B7F10 /* EthRPCCallbacks.swift in Sources */ = {isa = PBXBuildFile; fileRef = 1047D1B52252E6F1001B7F10 /* EthRPCCallbacks.swift */; };
		1047D1B82252E719001B7F10 /* EthObjectOrBoolean.swift in Sources */ = {isa = PBXBuildFile; fileRef = 1047D1B72252E719001B7F10 /* EthObjectOrBoolean.swift */; };
		1047D1BA2252E96D001B7F10 /* EthRelay.swift in Sources */ = {isa = PBXBuildFile; fileRef = 1047D1B92252E96D001B7F10 /* EthRelay.swift */; };
		1047D1BC22539DBC001B7F10 /* EthContract.swift in Sources */ = {isa = PBXBuildFile; fileRef = 1047D1BB22539DBC001B7F10 /* EthContract.swift */; };
		1047D1C62253EAE8001B7F10 /* PocketEthTests.swift in Sources */ = {isa = PBXBuildFile; fileRef = 1047D1C52253EAE8001B7F10 /* PocketEthTests.swift */; };
		1088F0D32252AEFE004A0EB4 /* JSON.swift in Sources */ = {isa = PBXBuildFile; fileRef = 1088F0D22252AEFE004A0EB4 /* JSON.swift */; };
		52164101EC4F0124FA1CF59D /* Pods_PocketSwift.framework in Frameworks */ = {isa = PBXBuildFile; fileRef = 2FBBCE13CDDEB9454EA2105D /* Pods_PocketSwift.framework */; };
		C5CF28332252CE880085B45E /* AionNetwork.swift in Sources */ = {isa = PBXBuildFile; fileRef = C5CF28322252CE880085B45E /* AionNetwork.swift */; };
		C5CF2835225305B70085B45E /* AionRelay.swift in Sources */ = {isa = PBXBuildFile; fileRef = C5CF2834225305B70085B45E /* AionRelay.swift */; };
		C5CF283722531ABE0085B45E /* RPCCallbacks.swift in Sources */ = {isa = PBXBuildFile; fileRef = C5CF283622531ABE0085B45E /* RPCCallbacks.swift */; };
		C5CF2839225387510085B45E /* ObjectOrBoolean.swift in Sources */ = {isa = PBXBuildFile; fileRef = C5CF2838225387510085B45E /* ObjectOrBoolean.swift */; };
		C5CF283B22538C2A0085B45E /* BlockTag.swift in Sources */ = {isa = PBXBuildFile; fileRef = C5CF283A22538C2A0085B45E /* BlockTag.swift */; };
		C5CF283F2253FE660085B45E /* BigUInt+Extensions.swift in Sources */ = {isa = PBXBuildFile; fileRef = C5CF283E2253FE660085B45E /* BigUInt+Extensions.swift */; };
		C5CF2841225411610085B45E /* AionContract.swift in Sources */ = {isa = PBXBuildFile; fileRef = C5CF2840225411610085B45E /* AionContract.swift */; };
		C5CF2844225430020085B45E /* RpcUtils.swift in Sources */ = {isa = PBXBuildFile; fileRef = C5CF2843225430020085B45E /* RpcUtils.swift */; };
		C80407F22246A7850014EFE0 /* AionTransactionData.swift in Sources */ = {isa = PBXBuildFile; fileRef = C80407F12246A7850014EFE0 /* AionTransactionData.swift */; };
		C80407F72246C8B30014EFE0 /* AionEthRPC.swift in Sources */ = {isa = PBXBuildFile; fileRef = C80407F62246C8B30014EFE0 /* AionEthRPC.swift */; };
		C80576A1223FC57E00B041EB /* String+Extensions.swift in Sources */ = {isa = PBXBuildFile; fileRef = C80576A0223FC57E00B041EB /* String+Extensions.swift */; };
		C80576A3223FD0F400B041EB /* Error+Extensions.swift in Sources */ = {isa = PBXBuildFile; fileRef = C80576A2223FD0F400B041EB /* Error+Extensions.swift */; };
		C80576A5223FF6F100B041EB /* Wallet.swift in Sources */ = {isa = PBXBuildFile; fileRef = C80576A4223FF6F100B041EB /* Wallet.swift */; };
		C80934982241AF490073B734 /* SchedulerProvider.swift in Sources */ = {isa = PBXBuildFile; fileRef = C80934972241AF490073B734 /* SchedulerProvider.swift */; };
		C80D8B5F22458DBB003AE3E8 /* resource.bundle in Resources */ = {isa = PBXBuildFile; fileRef = C80D8B5E22458DBB003AE3E8 /* resource.bundle */; };
		C80D8B6222458E7D003AE3E8 /* AionUtils.swift in Sources */ = {isa = PBXBuildFile; fileRef = C80D8B6122458E7D003AE3E8 /* AionUtils.swift */; };
		C80D8B6422459400003AE3E8 /* PocketAionTests.swift in Sources */ = {isa = PBXBuildFile; fileRef = C80D8B6322459400003AE3E8 /* PocketAionTests.swift */; };
		C82D773E224D21F700612EE1 /* AionNetRPC.swift in Sources */ = {isa = PBXBuildFile; fileRef = C82D773D224D21F700612EE1 /* AionNetRPC.swift */; };
		C839019A223D82660092A9DF /* PocketSwift.framework in Frameworks */ = {isa = PBXBuildFile; fileRef = C8390190223D82660092A9DF /* PocketSwift.framework */; };
		C839019F223D82660092A9DF /* PocketCoreTests.swift in Sources */ = {isa = PBXBuildFile; fileRef = C839019E223D82660092A9DF /* PocketCoreTests.swift */; };
		C83901A1223D82660092A9DF /* PocketSwift.h in Headers */ = {isa = PBXBuildFile; fileRef = C8390193223D82660092A9DF /* PocketSwift.h */; settings = {ATTRIBUTES = (Public, ); }; };
		C83901EF223D9D150092A9DF /* Dictionary+Extensions.swift in Sources */ = {isa = PBXBuildFile; fileRef = C83901DC223D9D150092A9DF /* Dictionary+Extensions.swift */; };
		C83901F0223D9D150092A9DF /* ServerConfiguration.swift in Sources */ = {isa = PBXBuildFile; fileRef = C83901DE223D9D150092A9DF /* ServerConfiguration.swift */; };
		C83901F1223D9D150092A9DF /* Configuration.swift in Sources */ = {isa = PBXBuildFile; fileRef = C83901DF223D9D150092A9DF /* Configuration.swift */; };
		C83901F2223D9D150092A9DF /* WebServiceImpl.swift in Sources */ = {isa = PBXBuildFile; fileRef = C83901E1223D9D150092A9DF /* WebServiceImpl.swift */; };
		C83901F3223D9D150092A9DF /* Observer.swift in Sources */ = {isa = PBXBuildFile; fileRef = C83901E3223D9D150092A9DF /* Observer.swift */; };
		C83901F4223D9D150092A9DF /* ObjectAssociation.swift in Sources */ = {isa = PBXBuildFile; fileRef = C83901E4223D9D150092A9DF /* ObjectAssociation.swift */; };
		C83901F5223D9D150092A9DF /* Dynamic.swift in Sources */ = {isa = PBXBuildFile; fileRef = C83901E5223D9D150092A9DF /* Dynamic.swift */; };
		C83901F6223D9D150092A9DF /* Controller.swift in Sources */ = {isa = PBXBuildFile; fileRef = C83901E6223D9D150092A9DF /* Controller.swift */; };
		C83901F7223D9D150092A9DF /* LiveData.swift in Sources */ = {isa = PBXBuildFile; fileRef = C83901E7223D9D150092A9DF /* LiveData.swift */; };
		C83901F8223D9D150092A9DF /* Endpoint.swift in Sources */ = {isa = PBXBuildFile; fileRef = C83901E8223D9D150092A9DF /* Endpoint.swift */; };
		C83901F9223D9D150092A9DF /* Model.swift in Sources */ = {isa = PBXBuildFile; fileRef = C83901EA223D9D150092A9DF /* Model.swift */; };
		C83901FA223D9D150092A9DF /* WebService.swift in Sources */ = {isa = PBXBuildFile; fileRef = C83901EB223D9D150092A9DF /* WebService.swift */; };
		C83901FB223D9D150092A9DF /* Repository.swift in Sources */ = {isa = PBXBuildFile; fileRef = C83901EC223D9D150092A9DF /* Repository.swift */; };
		C83901FC223D9D150092A9DF /* Input.swift in Sources */ = {isa = PBXBuildFile; fileRef = C83901ED223D9D150092A9DF /* Input.swift */; };
		C83901FD223D9D150092A9DF /* Pocket.swift in Sources */ = {isa = PBXBuildFile; fileRef = C83901EE223D9D150092A9DF /* Pocket.swift */; };
		C8390200223D9DFD0092A9DF /* Blockchain.swift in Sources */ = {isa = PBXBuildFile; fileRef = C83901FF223D9DFD0092A9DF /* Blockchain.swift */; };
		C8390202223D9F490092A9DF /* Relay.swift in Sources */ = {isa = PBXBuildFile; fileRef = C8390201223D9F490092A9DF /* Relay.swift */; };
		C8390205223DA1330092A9DF /* Utils.swift in Sources */ = {isa = PBXBuildFile; fileRef = C8390204223DA1330092A9DF /* Utils.swift */; };
		C8390209223DA2CB0092A9DF /* RelayController.swift in Sources */ = {isa = PBXBuildFile; fileRef = C8390208223DA2CB0092A9DF /* RelayController.swift */; };
		C839020B223DA2D80092A9DF /* RelayRepository.swift in Sources */ = {isa = PBXBuildFile; fileRef = C839020A223DA2D80092A9DF /* RelayRepository.swift */; };
		C839022B223DA9D30092A9DF /* PocketEth.swift in Sources */ = {isa = PBXBuildFile; fileRef = C839022A223DA9D30092A9DF /* PocketEth.swift */; };
		C839022D223DAA0B0092A9DF /* PocketAion.swift in Sources */ = {isa = PBXBuildFile; fileRef = C839022C223DAA0B0092A9DF /* PocketAion.swift */; };
		C839022F223DB54A0092A9DF /* Dispatch.swift in Sources */ = {isa = PBXBuildFile; fileRef = C839022E223DB54A0092A9DF /* Dispatch.swift */; };
		C8390231223DB8630092A9DF /* DispatchRepository.swift in Sources */ = {isa = PBXBuildFile; fileRef = C8390230223DB8630092A9DF /* DispatchRepository.swift */; };
		C8390233223DB8E20092A9DF /* DispatchController.swift in Sources */ = {isa = PBXBuildFile; fileRef = C8390232223DB8E20092A9DF /* DispatchController.swift */; };
		C8390235223DBA380092A9DF /* Node.swift in Sources */ = {isa = PBXBuildFile; fileRef = C8390234223DBA380092A9DF /* Node.swift */; };
		C84F2C92223E90C900BA1AA8 /* Array+Extensions.swift in Sources */ = {isa = PBXBuildFile; fileRef = C84F2C91223E90C900BA1AA8 /* Array+Extensions.swift */; };
		C8E43FD5223EFEC700623885 /* PocketError.swift in Sources */ = {isa = PBXBuildFile; fileRef = C8E43FD4223EFEC700623885 /* PocketError.swift */; };
		C8F25FC022402BC10081B039 /* Report.swift in Sources */ = {isa = PBXBuildFile; fileRef = C8F25FBF22402BC10081B039 /* Report.swift */; };
		C8F25FC2224031410081B039 /* ReportRepository.swift in Sources */ = {isa = PBXBuildFile; fileRef = C8F25FC1224031410081B039 /* ReportRepository.swift */; };
		C8F25FC4224031CE0081B039 /* ReportController.swift in Sources */ = {isa = PBXBuildFile; fileRef = C8F25FC3224031CE0081B039 /* ReportController.swift */; };
		C8FA35392249E01900D31B8C /* BigInt+Extensions.swift in Sources */ = {isa = PBXBuildFile; fileRef = C8FA35382249E01900D31B8C /* BigInt+Extensions.swift */; };
		E9485E1B2D6D127CD5E9FB27 /* Pods_PocketSwift_PocketSwiftTests.framework in Frameworks */ = {isa = PBXBuildFile; fileRef = 7CCA898291147D0E265DCD7F /* Pods_PocketSwift_PocketSwiftTests.framework */; };
/* End PBXBuildFile section */

/* Begin PBXContainerItemProxy section */
		C839019B223D82660092A9DF /* PBXContainerItemProxy */ = {
			isa = PBXContainerItemProxy;
			containerPortal = C8390187223D82660092A9DF /* Project object */;
			proxyType = 1;
			remoteGlobalIDString = C839018F223D82660092A9DF;
			remoteInfo = PocketSwift;
		};
/* End PBXContainerItemProxy section */

/* Begin PBXFileReference section */
		01AB0D29DCEC5CC25DEFB92B /* Pods-PocketSwift.release.xcconfig */ = {isa = PBXFileReference; includeInIndex = 1; lastKnownFileType = text.xcconfig; name = "Pods-PocketSwift.release.xcconfig"; path = "Target Support Files/Pods-PocketSwift/Pods-PocketSwift.release.xcconfig"; sourceTree = "<group>"; };
		1047D1AC2252BFFF001B7F10 /* EthNetwork.swift */ = {isa = PBXFileReference; lastKnownFileType = sourcecode.swift; path = EthNetwork.swift; sourceTree = "<group>"; };
		1047D1AF2252C063001B7F10 /* NetRPC.swift */ = {isa = PBXFileReference; lastKnownFileType = sourcecode.swift; path = NetRPC.swift; sourceTree = "<group>"; };
		1047D1B12252C06F001B7F10 /* EthRPC.swift */ = {isa = PBXFileReference; lastKnownFileType = sourcecode.swift; path = EthRPC.swift; sourceTree = "<group>"; };
		1047D1B32252E6DE001B7F10 /* EthBlockTag.swift */ = {isa = PBXFileReference; lastKnownFileType = sourcecode.swift; path = EthBlockTag.swift; sourceTree = "<group>"; };
		1047D1B52252E6F1001B7F10 /* EthRPCCallbacks.swift */ = {isa = PBXFileReference; lastKnownFileType = sourcecode.swift; path = EthRPCCallbacks.swift; sourceTree = "<group>"; };
		1047D1B72252E719001B7F10 /* EthObjectOrBoolean.swift */ = {isa = PBXFileReference; lastKnownFileType = sourcecode.swift; path = EthObjectOrBoolean.swift; sourceTree = "<group>"; };
		1047D1B92252E96D001B7F10 /* EthRelay.swift */ = {isa = PBXFileReference; lastKnownFileType = sourcecode.swift; path = EthRelay.swift; sourceTree = "<group>"; };
		1047D1BB22539DBC001B7F10 /* EthContract.swift */ = {isa = PBXFileReference; lastKnownFileType = sourcecode.swift; path = EthContract.swift; sourceTree = "<group>"; };
		1047D1C52253EAE8001B7F10 /* PocketEthTests.swift */ = {isa = PBXFileReference; lastKnownFileType = sourcecode.swift; path = PocketEthTests.swift; sourceTree = "<group>"; };
		1088F0D22252AEFE004A0EB4 /* JSON.swift */ = {isa = PBXFileReference; lastKnownFileType = sourcecode.swift; path = JSON.swift; sourceTree = "<group>"; };
		2FBBCE13CDDEB9454EA2105D /* Pods_PocketSwift.framework */ = {isa = PBXFileReference; explicitFileType = wrapper.framework; includeInIndex = 0; path = Pods_PocketSwift.framework; sourceTree = BUILT_PRODUCTS_DIR; };
		3325B23B959C6164DFA2A48F /* Pods-PocketSwift-PocketSwiftTests.release.xcconfig */ = {isa = PBXFileReference; includeInIndex = 1; lastKnownFileType = text.xcconfig; name = "Pods-PocketSwift-PocketSwiftTests.release.xcconfig"; path = "Target Support Files/Pods-PocketSwift-PocketSwiftTests/Pods-PocketSwift-PocketSwiftTests.release.xcconfig"; sourceTree = "<group>"; };
		380090D45C105ADA6BFEA1E9 /* Pods-PocketSwift-PocketSwiftTests.debug.xcconfig */ = {isa = PBXFileReference; includeInIndex = 1; lastKnownFileType = text.xcconfig; name = "Pods-PocketSwift-PocketSwiftTests.debug.xcconfig"; path = "Target Support Files/Pods-PocketSwift-PocketSwiftTests/Pods-PocketSwift-PocketSwiftTests.debug.xcconfig"; sourceTree = "<group>"; };
		7CCA898291147D0E265DCD7F /* Pods_PocketSwift_PocketSwiftTests.framework */ = {isa = PBXFileReference; explicitFileType = wrapper.framework; includeInIndex = 0; path = Pods_PocketSwift_PocketSwiftTests.framework; sourceTree = BUILT_PRODUCTS_DIR; };
		9388A37DECDFA42EC03CC28D /* Pods-PocketSwift.debug.xcconfig */ = {isa = PBXFileReference; includeInIndex = 1; lastKnownFileType = text.xcconfig; name = "Pods-PocketSwift.debug.xcconfig"; path = "Target Support Files/Pods-PocketSwift/Pods-PocketSwift.debug.xcconfig"; sourceTree = "<group>"; };
		C5CF28322252CE880085B45E /* AionNetwork.swift */ = {isa = PBXFileReference; lastKnownFileType = sourcecode.swift; path = AionNetwork.swift; sourceTree = "<group>"; };
		C5CF2834225305B70085B45E /* AionRelay.swift */ = {isa = PBXFileReference; lastKnownFileType = sourcecode.swift; path = AionRelay.swift; sourceTree = "<group>"; };
		C5CF283622531ABE0085B45E /* RPCCallbacks.swift */ = {isa = PBXFileReference; lastKnownFileType = sourcecode.swift; path = RPCCallbacks.swift; sourceTree = "<group>"; };
		C5CF2838225387510085B45E /* ObjectOrBoolean.swift */ = {isa = PBXFileReference; lastKnownFileType = sourcecode.swift; path = ObjectOrBoolean.swift; sourceTree = "<group>"; };
		C5CF283A22538C2A0085B45E /* BlockTag.swift */ = {isa = PBXFileReference; lastKnownFileType = sourcecode.swift; path = BlockTag.swift; sourceTree = "<group>"; };
		C5CF283E2253FE660085B45E /* BigUInt+Extensions.swift */ = {isa = PBXFileReference; lastKnownFileType = sourcecode.swift; path = "BigUInt+Extensions.swift"; sourceTree = "<group>"; };
		C5CF2840225411610085B45E /* AionContract.swift */ = {isa = PBXFileReference; lastKnownFileType = sourcecode.swift; path = AionContract.swift; sourceTree = "<group>"; };
		C5CF2843225430020085B45E /* RpcUtils.swift */ = {isa = PBXFileReference; lastKnownFileType = sourcecode.swift; path = RpcUtils.swift; sourceTree = "<group>"; };
		C80407F12246A7850014EFE0 /* AionTransactionData.swift */ = {isa = PBXFileReference; lastKnownFileType = sourcecode.swift; path = AionTransactionData.swift; sourceTree = "<group>"; };
		C80407F62246C8B30014EFE0 /* AionEthRPC.swift */ = {isa = PBXFileReference; lastKnownFileType = sourcecode.swift; path = AionEthRPC.swift; sourceTree = "<group>"; };
		C80576A0223FC57E00B041EB /* String+Extensions.swift */ = {isa = PBXFileReference; lastKnownFileType = sourcecode.swift; path = "String+Extensions.swift"; sourceTree = "<group>"; };
		C80576A2223FD0F400B041EB /* Error+Extensions.swift */ = {isa = PBXFileReference; lastKnownFileType = sourcecode.swift; path = "Error+Extensions.swift"; sourceTree = "<group>"; };
		C80576A4223FF6F100B041EB /* Wallet.swift */ = {isa = PBXFileReference; lastKnownFileType = sourcecode.swift; path = Wallet.swift; sourceTree = "<group>"; };
		C80934972241AF490073B734 /* SchedulerProvider.swift */ = {isa = PBXFileReference; lastKnownFileType = sourcecode.swift; path = SchedulerProvider.swift; sourceTree = "<group>"; };
		C80D8B5E22458DBB003AE3E8 /* resource.bundle */ = {isa = PBXFileReference; lastKnownFileType = "wrapper.plug-in"; path = resource.bundle; sourceTree = "<group>"; };
		C80D8B6122458E7D003AE3E8 /* AionUtils.swift */ = {isa = PBXFileReference; lastKnownFileType = sourcecode.swift; path = AionUtils.swift; sourceTree = "<group>"; };
		C80D8B6322459400003AE3E8 /* PocketAionTests.swift */ = {isa = PBXFileReference; lastKnownFileType = sourcecode.swift; path = PocketAionTests.swift; sourceTree = "<group>"; };
		C82D773D224D21F700612EE1 /* AionNetRPC.swift */ = {isa = PBXFileReference; lastKnownFileType = sourcecode.swift; path = AionNetRPC.swift; sourceTree = "<group>"; };
		C8390190223D82660092A9DF /* PocketSwift.framework */ = {isa = PBXFileReference; explicitFileType = wrapper.framework; includeInIndex = 0; path = PocketSwift.framework; sourceTree = BUILT_PRODUCTS_DIR; };
		C8390193223D82660092A9DF /* PocketSwift.h */ = {isa = PBXFileReference; lastKnownFileType = sourcecode.c.h; path = PocketSwift.h; sourceTree = "<group>"; };
		C8390194223D82660092A9DF /* Info.plist */ = {isa = PBXFileReference; lastKnownFileType = text.plist.xml; path = Info.plist; sourceTree = "<group>"; };
		C8390199223D82660092A9DF /* PocketSwiftTests.xctest */ = {isa = PBXFileReference; explicitFileType = wrapper.cfbundle; includeInIndex = 0; path = PocketSwiftTests.xctest; sourceTree = BUILT_PRODUCTS_DIR; };
		C839019E223D82660092A9DF /* PocketCoreTests.swift */ = {isa = PBXFileReference; lastKnownFileType = sourcecode.swift; path = PocketCoreTests.swift; sourceTree = "<group>"; };
		C83901A0223D82660092A9DF /* Info.plist */ = {isa = PBXFileReference; lastKnownFileType = text.plist.xml; path = Info.plist; sourceTree = "<group>"; };
		C83901AC223D842B0092A9DF /* QA.xcconfig */ = {isa = PBXFileReference; lastKnownFileType = text.xcconfig; path = QA.xcconfig; sourceTree = "<group>"; };
		C83901AD223D84350092A9DF /* PROD.xcconfig */ = {isa = PBXFileReference; lastKnownFileType = text.xcconfig; path = PROD.xcconfig; sourceTree = "<group>"; };
		C83901DC223D9D150092A9DF /* Dictionary+Extensions.swift */ = {isa = PBXFileReference; fileEncoding = 4; lastKnownFileType = sourcecode.swift; path = "Dictionary+Extensions.swift"; sourceTree = "<group>"; };
		C83901DE223D9D150092A9DF /* ServerConfiguration.swift */ = {isa = PBXFileReference; fileEncoding = 4; lastKnownFileType = sourcecode.swift; path = ServerConfiguration.swift; sourceTree = "<group>"; };
		C83901DF223D9D150092A9DF /* Configuration.swift */ = {isa = PBXFileReference; fileEncoding = 4; lastKnownFileType = sourcecode.swift; path = Configuration.swift; sourceTree = "<group>"; };
		C83901E1223D9D150092A9DF /* WebServiceImpl.swift */ = {isa = PBXFileReference; fileEncoding = 4; lastKnownFileType = sourcecode.swift; path = WebServiceImpl.swift; sourceTree = "<group>"; };
		C83901E3223D9D150092A9DF /* Observer.swift */ = {isa = PBXFileReference; fileEncoding = 4; lastKnownFileType = sourcecode.swift; path = Observer.swift; sourceTree = "<group>"; };
		C83901E4223D9D150092A9DF /* ObjectAssociation.swift */ = {isa = PBXFileReference; fileEncoding = 4; lastKnownFileType = sourcecode.swift; path = ObjectAssociation.swift; sourceTree = "<group>"; };
		C83901E5223D9D150092A9DF /* Dynamic.swift */ = {isa = PBXFileReference; fileEncoding = 4; lastKnownFileType = sourcecode.swift; path = Dynamic.swift; sourceTree = "<group>"; };
		C83901E6223D9D150092A9DF /* Controller.swift */ = {isa = PBXFileReference; fileEncoding = 4; lastKnownFileType = sourcecode.swift; path = Controller.swift; sourceTree = "<group>"; };
		C83901E7223D9D150092A9DF /* LiveData.swift */ = {isa = PBXFileReference; fileEncoding = 4; lastKnownFileType = sourcecode.swift; path = LiveData.swift; sourceTree = "<group>"; };
		C83901E8223D9D150092A9DF /* Endpoint.swift */ = {isa = PBXFileReference; fileEncoding = 4; lastKnownFileType = sourcecode.swift; path = Endpoint.swift; sourceTree = "<group>"; };
		C83901EA223D9D150092A9DF /* Model.swift */ = {isa = PBXFileReference; fileEncoding = 4; lastKnownFileType = sourcecode.swift; path = Model.swift; sourceTree = "<group>"; };
		C83901EB223D9D150092A9DF /* WebService.swift */ = {isa = PBXFileReference; fileEncoding = 4; lastKnownFileType = sourcecode.swift; path = WebService.swift; sourceTree = "<group>"; };
		C83901EC223D9D150092A9DF /* Repository.swift */ = {isa = PBXFileReference; fileEncoding = 4; lastKnownFileType = sourcecode.swift; path = Repository.swift; sourceTree = "<group>"; };
		C83901ED223D9D150092A9DF /* Input.swift */ = {isa = PBXFileReference; fileEncoding = 4; lastKnownFileType = sourcecode.swift; path = Input.swift; sourceTree = "<group>"; };
		C83901EE223D9D150092A9DF /* Pocket.swift */ = {isa = PBXFileReference; fileEncoding = 4; lastKnownFileType = sourcecode.swift; path = Pocket.swift; sourceTree = "<group>"; };
		C83901FF223D9DFD0092A9DF /* Blockchain.swift */ = {isa = PBXFileReference; lastKnownFileType = sourcecode.swift; path = Blockchain.swift; sourceTree = "<group>"; };
		C8390201223D9F490092A9DF /* Relay.swift */ = {isa = PBXFileReference; lastKnownFileType = sourcecode.swift; path = Relay.swift; sourceTree = "<group>"; };
		C8390204223DA1330092A9DF /* Utils.swift */ = {isa = PBXFileReference; lastKnownFileType = sourcecode.swift; path = Utils.swift; sourceTree = "<group>"; };
		C8390208223DA2CB0092A9DF /* RelayController.swift */ = {isa = PBXFileReference; lastKnownFileType = sourcecode.swift; path = RelayController.swift; sourceTree = "<group>"; };
		C839020A223DA2D80092A9DF /* RelayRepository.swift */ = {isa = PBXFileReference; lastKnownFileType = sourcecode.swift; path = RelayRepository.swift; sourceTree = "<group>"; };
		C839022A223DA9D30092A9DF /* PocketEth.swift */ = {isa = PBXFileReference; lastKnownFileType = sourcecode.swift; path = PocketEth.swift; sourceTree = "<group>"; };
		C839022C223DAA0B0092A9DF /* PocketAion.swift */ = {isa = PBXFileReference; lastKnownFileType = sourcecode.swift; path = PocketAion.swift; sourceTree = "<group>"; };
		C839022E223DB54A0092A9DF /* Dispatch.swift */ = {isa = PBXFileReference; lastKnownFileType = sourcecode.swift; path = Dispatch.swift; sourceTree = "<group>"; };
		C8390230223DB8630092A9DF /* DispatchRepository.swift */ = {isa = PBXFileReference; lastKnownFileType = sourcecode.swift; path = DispatchRepository.swift; sourceTree = "<group>"; };
		C8390232223DB8E20092A9DF /* DispatchController.swift */ = {isa = PBXFileReference; lastKnownFileType = sourcecode.swift; path = DispatchController.swift; sourceTree = "<group>"; };
		C8390234223DBA380092A9DF /* Node.swift */ = {isa = PBXFileReference; lastKnownFileType = sourcecode.swift; path = Node.swift; sourceTree = "<group>"; };
		C84F2C91223E90C900BA1AA8 /* Array+Extensions.swift */ = {isa = PBXFileReference; lastKnownFileType = sourcecode.swift; path = "Array+Extensions.swift"; sourceTree = "<group>"; };
		C8E43FD4223EFEC700623885 /* PocketError.swift */ = {isa = PBXFileReference; lastKnownFileType = sourcecode.swift; path = PocketError.swift; sourceTree = "<group>"; };
		C8F25FBF22402BC10081B039 /* Report.swift */ = {isa = PBXFileReference; lastKnownFileType = sourcecode.swift; path = Report.swift; sourceTree = "<group>"; };
		C8F25FC1224031410081B039 /* ReportRepository.swift */ = {isa = PBXFileReference; lastKnownFileType = sourcecode.swift; path = ReportRepository.swift; sourceTree = "<group>"; };
		C8F25FC3224031CE0081B039 /* ReportController.swift */ = {isa = PBXFileReference; lastKnownFileType = sourcecode.swift; path = ReportController.swift; sourceTree = "<group>"; };
		C8FA35382249E01900D31B8C /* BigInt+Extensions.swift */ = {isa = PBXFileReference; lastKnownFileType = sourcecode.swift; path = "BigInt+Extensions.swift"; sourceTree = "<group>"; };
/* End PBXFileReference section */

/* Begin PBXFrameworksBuildPhase section */
		C839018D223D82660092A9DF /* Frameworks */ = {
			isa = PBXFrameworksBuildPhase;
			buildActionMask = 2147483647;
			files = (
				52164101EC4F0124FA1CF59D /* Pods_PocketSwift.framework in Frameworks */,
			);
			runOnlyForDeploymentPostprocessing = 0;
		};
		C8390196223D82660092A9DF /* Frameworks */ = {
			isa = PBXFrameworksBuildPhase;
			buildActionMask = 2147483647;
			files = (
				C839019A223D82660092A9DF /* PocketSwift.framework in Frameworks */,
				E9485E1B2D6D127CD5E9FB27 /* Pods_PocketSwift_PocketSwiftTests.framework in Frameworks */,
			);
			runOnlyForDeploymentPostprocessing = 0;
		};
/* End PBXFrameworksBuildPhase section */

/* Begin PBXGroup section */
		1047D1AB2252BFE5001B7F10 /* Models */ = {
			isa = PBXGroup;
			children = (
				1047D1AC2252BFFF001B7F10 /* EthNetwork.swift */,
				1047D1B92252E96D001B7F10 /* EthRelay.swift */,
			);
			path = Models;
			sourceTree = "<group>";
		};
		1047D1AE2252C050001B7F10 /* RPC */ = {
			isa = PBXGroup;
			children = (
				1047D1AF2252C063001B7F10 /* NetRPC.swift */,
				1047D1B12252C06F001B7F10 /* EthRPC.swift */,
				1047D1B32252E6DE001B7F10 /* EthBlockTag.swift */,
				1047D1B52252E6F1001B7F10 /* EthRPCCallbacks.swift */,
				1047D1B72252E719001B7F10 /* EthObjectOrBoolean.swift */,
			);
			path = RPC;
			sourceTree = "<group>";
		};
		308595A08BEBE8E0B44F2385 /* Frameworks */ = {
			isa = PBXGroup;
			children = (
				2FBBCE13CDDEB9454EA2105D /* Pods_PocketSwift.framework */,
				7CCA898291147D0E265DCD7F /* Pods_PocketSwift_PocketSwiftTests.framework */,
			);
			name = Frameworks;
			sourceTree = "<group>";
		};
		C80407F02246A7680014EFE0 /* Model */ = {
			isa = PBXGroup;
			children = (
				C5CF28322252CE880085B45E /* AionNetwork.swift */,
				C80407F12246A7850014EFE0 /* AionTransactionData.swift */,
				C5CF2834225305B70085B45E /* AionRelay.swift */,
			);
			path = Model;
			sourceTree = "<group>";
		};
		C80407F52246C88F0014EFE0 /* RPC */ = {
			isa = PBXGroup;
			children = (
				C80407F62246C8B30014EFE0 /* AionEthRPC.swift */,
				C82D773D224D21F700612EE1 /* AionNetRPC.swift */,
				C5CF283622531ABE0085B45E /* RPCCallbacks.swift */,
				C5CF2838225387510085B45E /* ObjectOrBoolean.swift */,
				C5CF283A22538C2A0085B45E /* BlockTag.swift */,
			);
			path = RPC;
			sourceTree = "<group>";
		};
		C80D8B5B22458C32003AE3E8 /* Resource */ = {
			isa = PBXGroup;
			children = (
				C80D8B5E22458DBB003AE3E8 /* resource.bundle */,
			);
			path = Resource;
			sourceTree = "<group>";
		};
		C80D8B6022458E63003AE3E8 /* Util */ = {
			isa = PBXGroup;
			children = (
				C80D8B6122458E7D003AE3E8 /* AionUtils.swift */,
				C5CF2843225430020085B45E /* RpcUtils.swift */,
			);
			path = Util;
			sourceTree = "<group>";
		};
		C8390186223D82660092A9DF = {
			isa = PBXGroup;
			children = (
				C8390192223D82660092A9DF /* PocketSwift */,
				C839019D223D82660092A9DF /* PocketSwiftTests */,
				C8390191223D82660092A9DF /* Products */,
				E04D667C20330CE7097ACBE8 /* Pods */,
				308595A08BEBE8E0B44F2385 /* Frameworks */,
			);
			sourceTree = "<group>";
		};
		C8390191223D82660092A9DF /* Products */ = {
			isa = PBXGroup;
			children = (
				C8390190223D82660092A9DF /* PocketSwift.framework */,
				C8390199223D82660092A9DF /* PocketSwiftTests.xctest */,
			);
			name = Products;
			sourceTree = "<group>";
		};
		C8390192223D82660092A9DF /* PocketSwift */ = {
			isa = PBXGroup;
			children = (
				C83901D3223D9A9E0092A9DF /* Packages */,
				C8390193223D82660092A9DF /* PocketSwift.h */,
				C8390194223D82660092A9DF /* Info.plist */,
				C83901AC223D842B0092A9DF /* QA.xcconfig */,
				C83901AD223D84350092A9DF /* PROD.xcconfig */,
			);
			path = PocketSwift;
			sourceTree = "<group>";
		};
		C839019D223D82660092A9DF /* PocketSwiftTests */ = {
			isa = PBXGroup;
			children = (
				1047D1C52253EAE8001B7F10 /* PocketEthTests.swift */,
				C839019E223D82660092A9DF /* PocketCoreTests.swift */,
				C80D8B6322459400003AE3E8 /* PocketAionTests.swift */,
				C83901A0223D82660092A9DF /* Info.plist */,
			);
			path = PocketSwiftTests;
			sourceTree = "<group>";
		};
		C83901AB223D840B0092A9DF /* Core */ = {
			isa = PBXGroup;
			children = (
				C83901DA223D9D150092A9DF /* Architecture */,
				C8390206223DA2B00092A9DF /* Controller */,
				C83901FE223D9DE90092A9DF /* Model */,
				C8390203223DA11E0092A9DF /* Util */,
				C83901EE223D9D150092A9DF /* Pocket.swift */,
			);
			path = Core;
			sourceTree = "<group>";
		};
		C83901D3223D9A9E0092A9DF /* Packages */ = {
			isa = PBXGroup;
			children = (
				C83901D5223D9ABE0092A9DF /* Eth */,
				C83901D4223D9AB70092A9DF /* Aion */,
				C83901AB223D840B0092A9DF /* Core */,
			);
			path = Packages;
			sourceTree = "<group>";
		};
		C83901D4223D9AB70092A9DF /* Aion */ = {
			isa = PBXGroup;
			children = (
				C80407F02246A7680014EFE0 /* Model */,
				C80D8B5B22458C32003AE3E8 /* Resource */,
				C80407F52246C88F0014EFE0 /* RPC */,
				C80D8B6022458E63003AE3E8 /* Util */,
				C839022C223DAA0B0092A9DF /* PocketAion.swift */,
				C5CF2840225411610085B45E /* AionContract.swift */,
			);
			path = Aion;
			sourceTree = "<group>";
		};
		C83901D5223D9ABE0092A9DF /* Eth */ = {
			isa = PBXGroup;
			children = (
				1047D1AE2252C050001B7F10 /* RPC */,
				1047D1AB2252BFE5001B7F10 /* Models */,
				C839022A223DA9D30092A9DF /* PocketEth.swift */,
				1047D1BB22539DBC001B7F10 /* EthContract.swift */,
			);
			path = Eth;
			sourceTree = "<group>";
		};
		C83901DA223D9D150092A9DF /* Architecture */ = {
			isa = PBXGroup;
			children = (
				C8E43FD3223EFEB200623885 /* Error */,
				C83901DB223D9D150092A9DF /* Extension */,
				C83901DD223D9D150092A9DF /* Config */,
				C83901E0223D9D150092A9DF /* Network */,
				C83901E2223D9D150092A9DF /* Component */,
				C83901E9223D9D150092A9DF /* Protocol */,
			);
			path = Architecture;
			sourceTree = "<group>";
		};
		C83901DB223D9D150092A9DF /* Extension */ = {
			isa = PBXGroup;
			children = (
				C83901DC223D9D150092A9DF /* Dictionary+Extensions.swift */,
				C84F2C91223E90C900BA1AA8 /* Array+Extensions.swift */,
				C80576A0223FC57E00B041EB /* String+Extensions.swift */,
				C80576A2223FD0F400B041EB /* Error+Extensions.swift */,
				C8FA35382249E01900D31B8C /* BigInt+Extensions.swift */,
				C5CF283E2253FE660085B45E /* BigUInt+Extensions.swift */,
			);
			path = Extension;
			sourceTree = "<group>";
		};
		C83901DD223D9D150092A9DF /* Config */ = {
			isa = PBXGroup;
			children = (
				C83901DE223D9D150092A9DF /* ServerConfiguration.swift */,
				C83901DF223D9D150092A9DF /* Configuration.swift */,
			);
			path = Config;
			sourceTree = "<group>";
		};
		C83901E0223D9D150092A9DF /* Network */ = {
			isa = PBXGroup;
			children = (
				C83901E1223D9D150092A9DF /* WebServiceImpl.swift */,
			);
			path = Network;
			sourceTree = "<group>";
		};
		C83901E2223D9D150092A9DF /* Component */ = {
			isa = PBXGroup;
			children = (
				C83901E3223D9D150092A9DF /* Observer.swift */,
				C83901E4223D9D150092A9DF /* ObjectAssociation.swift */,
				C83901E5223D9D150092A9DF /* Dynamic.swift */,
				C83901E6223D9D150092A9DF /* Controller.swift */,
				C83901E7223D9D150092A9DF /* LiveData.swift */,
				C83901E8223D9D150092A9DF /* Endpoint.swift */,
				C80934972241AF490073B734 /* SchedulerProvider.swift */,
			);
			path = Component;
			sourceTree = "<group>";
		};
		C83901E9223D9D150092A9DF /* Protocol */ = {
			isa = PBXGroup;
			children = (
				C83901EA223D9D150092A9DF /* Model.swift */,
				C83901EB223D9D150092A9DF /* WebService.swift */,
				C83901EC223D9D150092A9DF /* Repository.swift */,
				C83901ED223D9D150092A9DF /* Input.swift */,
			);
			path = Protocol;
			sourceTree = "<group>";
		};
		C83901FE223D9DE90092A9DF /* Model */ = {
			isa = PBXGroup;
			children = (
				C83901FF223D9DFD0092A9DF /* Blockchain.swift */,
				C8390201223D9F490092A9DF /* Relay.swift */,
				C839022E223DB54A0092A9DF /* Dispatch.swift */,
				C8390234223DBA380092A9DF /* Node.swift */,
				C80576A4223FF6F100B041EB /* Wallet.swift */,
				C8F25FBF22402BC10081B039 /* Report.swift */,
			);
			path = Model;
			sourceTree = "<group>";
		};
		C8390203223DA11E0092A9DF /* Util */ = {
			isa = PBXGroup;
			children = (
				C8390204223DA1330092A9DF /* Utils.swift */,
				1088F0D22252AEFE004A0EB4 /* JSON.swift */,
			);
			path = Util;
			sourceTree = "<group>";
		};
		C8390206223DA2B00092A9DF /* Controller */ = {
			isa = PBXGroup;
			children = (
				C8390207223DA2BD0092A9DF /* Repository */,
				C8390208223DA2CB0092A9DF /* RelayController.swift */,
				C8390232223DB8E20092A9DF /* DispatchController.swift */,
				C8F25FC3224031CE0081B039 /* ReportController.swift */,
			);
			path = Controller;
			sourceTree = "<group>";
		};
		C8390207223DA2BD0092A9DF /* Repository */ = {
			isa = PBXGroup;
			children = (
				C839020A223DA2D80092A9DF /* RelayRepository.swift */,
				C8390230223DB8630092A9DF /* DispatchRepository.swift */,
				C8F25FC1224031410081B039 /* ReportRepository.swift */,
			);
			path = Repository;
			sourceTree = "<group>";
		};
		C8E43FD3223EFEB200623885 /* Error */ = {
			isa = PBXGroup;
			children = (
				C8E43FD4223EFEC700623885 /* PocketError.swift */,
			);
			path = Error;
			sourceTree = "<group>";
		};
		E04D667C20330CE7097ACBE8 /* Pods */ = {
			isa = PBXGroup;
			children = (
				9388A37DECDFA42EC03CC28D /* Pods-PocketSwift.debug.xcconfig */,
				01AB0D29DCEC5CC25DEFB92B /* Pods-PocketSwift.release.xcconfig */,
				380090D45C105ADA6BFEA1E9 /* Pods-PocketSwift-PocketSwiftTests.debug.xcconfig */,
				3325B23B959C6164DFA2A48F /* Pods-PocketSwift-PocketSwiftTests.release.xcconfig */,
			);
			path = Pods;
			sourceTree = "<group>";
		};
/* End PBXGroup section */

/* Begin PBXHeadersBuildPhase section */
		C839018B223D82660092A9DF /* Headers */ = {
			isa = PBXHeadersBuildPhase;
			buildActionMask = 2147483647;
			files = (
				C83901A1223D82660092A9DF /* PocketSwift.h in Headers */,
			);
			runOnlyForDeploymentPostprocessing = 0;
		};
/* End PBXHeadersBuildPhase section */

/* Begin PBXNativeTarget section */
		C839018F223D82660092A9DF /* PocketSwift */ = {
			isa = PBXNativeTarget;
			buildConfigurationList = C83901A4223D82660092A9DF /* Build configuration list for PBXNativeTarget "PocketSwift" */;
			buildPhases = (
				3FDBA354FCEA9EE9DCC691E6 /* [CP] Check Pods Manifest.lock */,
				C839018B223D82660092A9DF /* Headers */,
				C839018C223D82660092A9DF /* Sources */,
				C839018D223D82660092A9DF /* Frameworks */,
				C839018E223D82660092A9DF /* Resources */,
			);
			buildRules = (
			);
			dependencies = (
			);
			name = PocketSwift;
			productName = PocketSwift;
			productReference = C8390190223D82660092A9DF /* PocketSwift.framework */;
			productType = "com.apple.product-type.framework";
		};
		C8390198223D82660092A9DF /* PocketSwiftTests */ = {
			isa = PBXNativeTarget;
			buildConfigurationList = C83901A7223D82660092A9DF /* Build configuration list for PBXNativeTarget "PocketSwiftTests" */;
			buildPhases = (
				DD3A44F9AA7B610CE5856435 /* [CP] Check Pods Manifest.lock */,
				C8390195223D82660092A9DF /* Sources */,
				C8390196223D82660092A9DF /* Frameworks */,
				C8390197223D82660092A9DF /* Resources */,
				9CC98FA57D0800127305E224 /* [CP] Embed Pods Frameworks */,
			);
			buildRules = (
			);
			dependencies = (
				C839019C223D82660092A9DF /* PBXTargetDependency */,
			);
			name = PocketSwiftTests;
			productName = PocketSwiftTests;
			productReference = C8390199223D82660092A9DF /* PocketSwiftTests.xctest */;
			productType = "com.apple.product-type.bundle.unit-test";
		};
/* End PBXNativeTarget section */

/* Begin PBXProject section */
		C8390187223D82660092A9DF /* Project object */ = {
			isa = PBXProject;
			attributes = {
				LastSwiftUpdateCheck = 1010;
				LastUpgradeCheck = 1010;
				ORGANIZATIONNAME = "Wilson Garcia";
				TargetAttributes = {
					C839018F223D82660092A9DF = {
						CreatedOnToolsVersion = 10.1;
						LastSwiftMigration = 1020;
					};
					C8390198223D82660092A9DF = {
						CreatedOnToolsVersion = 10.1;
						LastSwiftMigration = 1020;
					};
				};
			};
			buildConfigurationList = C839018A223D82660092A9DF /* Build configuration list for PBXProject "PocketSwift" */;
			compatibilityVersion = "Xcode 9.3";
			developmentRegion = en;
			hasScannedForEncodings = 0;
			knownRegions = (
				en,
				Base,
			);
			mainGroup = C8390186223D82660092A9DF;
			productRefGroup = C8390191223D82660092A9DF /* Products */;
			projectDirPath = "";
			projectRoot = "";
			targets = (
				C839018F223D82660092A9DF /* PocketSwift */,
				C8390198223D82660092A9DF /* PocketSwiftTests */,
			);
		};
/* End PBXProject section */

/* Begin PBXResourcesBuildPhase section */
		C839018E223D82660092A9DF /* Resources */ = {
			isa = PBXResourcesBuildPhase;
			buildActionMask = 2147483647;
			files = (
				C80D8B5F22458DBB003AE3E8 /* resource.bundle in Resources */,
			);
			runOnlyForDeploymentPostprocessing = 0;
		};
		C8390197223D82660092A9DF /* Resources */ = {
			isa = PBXResourcesBuildPhase;
			buildActionMask = 2147483647;
			files = (
			);
			runOnlyForDeploymentPostprocessing = 0;
		};
/* End PBXResourcesBuildPhase section */

/* Begin PBXShellScriptBuildPhase section */
		3FDBA354FCEA9EE9DCC691E6 /* [CP] Check Pods Manifest.lock */ = {
			isa = PBXShellScriptBuildPhase;
			buildActionMask = 2147483647;
			files = (
			);
			inputPaths = (
				"${PODS_PODFILE_DIR_PATH}/Podfile.lock",
				"${PODS_ROOT}/Manifest.lock",
			);
			name = "[CP] Check Pods Manifest.lock";
			outputPaths = (
				"$(DERIVED_FILE_DIR)/Pods-PocketSwift-checkManifestLockResult.txt",
			);
			runOnlyForDeploymentPostprocessing = 0;
			shellPath = /bin/sh;
			shellScript = "diff \"${PODS_PODFILE_DIR_PATH}/Podfile.lock\" \"${PODS_ROOT}/Manifest.lock\" > /dev/null\nif [ $? != 0 ] ; then\n    # print error to STDERR\n    echo \"error: The sandbox is not in sync with the Podfile.lock. Run 'pod install' or update your CocoaPods installation.\" >&2\n    exit 1\nfi\n# This output is used by Xcode 'outputs' to avoid re-running this script phase.\necho \"SUCCESS\" > \"${SCRIPT_OUTPUT_FILE_0}\"\n";
			showEnvVarsInLog = 0;
		};
		9CC98FA57D0800127305E224 /* [CP] Embed Pods Frameworks */ = {
			isa = PBXShellScriptBuildPhase;
			buildActionMask = 2147483647;
			files = (
			);
			inputFileListPaths = (
				"${PODS_ROOT}/Target Support Files/Pods-PocketSwift-PocketSwiftTests/Pods-PocketSwift-PocketSwiftTests-frameworks-${CONFIGURATION}-input-files.xcfilelist",
			);
			name = "[CP] Embed Pods Frameworks";
			outputFileListPaths = (
				"${PODS_ROOT}/Target Support Files/Pods-PocketSwift-PocketSwiftTests/Pods-PocketSwift-PocketSwiftTests-frameworks-${CONFIGURATION}-output-files.xcfilelist",
			);
			runOnlyForDeploymentPostprocessing = 0;
			shellPath = /bin/sh;
			shellScript = "\"${PODS_ROOT}/Target Support Files/Pods-PocketSwift-PocketSwiftTests/Pods-PocketSwift-PocketSwiftTests-frameworks.sh\"\n";
			showEnvVarsInLog = 0;
		};
		DD3A44F9AA7B610CE5856435 /* [CP] Check Pods Manifest.lock */ = {
			isa = PBXShellScriptBuildPhase;
			buildActionMask = 2147483647;
			files = (
			);
			inputFileListPaths = (
			);
			inputPaths = (
				"${PODS_PODFILE_DIR_PATH}/Podfile.lock",
				"${PODS_ROOT}/Manifest.lock",
			);
			name = "[CP] Check Pods Manifest.lock";
			outputFileListPaths = (
			);
			outputPaths = (
				"$(DERIVED_FILE_DIR)/Pods-PocketSwift-PocketSwiftTests-checkManifestLockResult.txt",
			);
			runOnlyForDeploymentPostprocessing = 0;
			shellPath = /bin/sh;
			shellScript = "diff \"${PODS_PODFILE_DIR_PATH}/Podfile.lock\" \"${PODS_ROOT}/Manifest.lock\" > /dev/null\nif [ $? != 0 ] ; then\n    # print error to STDERR\n    echo \"error: The sandbox is not in sync with the Podfile.lock. Run 'pod install' or update your CocoaPods installation.\" >&2\n    exit 1\nfi\n# This output is used by Xcode 'outputs' to avoid re-running this script phase.\necho \"SUCCESS\" > \"${SCRIPT_OUTPUT_FILE_0}\"\n";
			showEnvVarsInLog = 0;
		};
/* End PBXShellScriptBuildPhase section */

/* Begin PBXSourcesBuildPhase section */
		C839018C223D82660092A9DF /* Sources */ = {
			isa = PBXSourcesBuildPhase;
			buildActionMask = 2147483647;
			files = (
				C83901FC223D9D150092A9DF /* Input.swift in Sources */,
				C83901F4223D9D150092A9DF /* ObjectAssociation.swift in Sources */,
				C83901F2223D9D150092A9DF /* WebServiceImpl.swift in Sources */,
				C84F2C92223E90C900BA1AA8 /* Array+Extensions.swift in Sources */,
				C5CF283F2253FE660085B45E /* BigUInt+Extensions.swift in Sources */,
				C80934982241AF490073B734 /* SchedulerProvider.swift in Sources */,
				C5CF2839225387510085B45E /* ObjectOrBoolean.swift in Sources */,
				C5CF2844225430020085B45E /* RpcUtils.swift in Sources */,
				C8390231223DB8630092A9DF /* DispatchRepository.swift in Sources */,
				C5CF283722531ABE0085B45E /* RPCCallbacks.swift in Sources */,
				C83901F3223D9D150092A9DF /* Observer.swift in Sources */,
				1047D1BA2252E96D001B7F10 /* EthRelay.swift in Sources */,
				C8390235223DBA380092A9DF /* Node.swift in Sources */,
				C83901FB223D9D150092A9DF /* Repository.swift in Sources */,
				1088F0D32252AEFE004A0EB4 /* JSON.swift in Sources */,
				C839020B223DA2D80092A9DF /* RelayRepository.swift in Sources */,
				C83901F5223D9D150092A9DF /* Dynamic.swift in Sources */,
				C80576A1223FC57E00B041EB /* String+Extensions.swift in Sources */,
				C8F25FC022402BC10081B039 /* Report.swift in Sources */,
				1047D1B42252E6DE001B7F10 /* EthBlockTag.swift in Sources */,
				1047D1AD2252BFFF001B7F10 /* EthNetwork.swift in Sources */,
				C80D8B6222458E7D003AE3E8 /* AionUtils.swift in Sources */,
				C5CF2841225411610085B45E /* AionContract.swift in Sources */,
				C83901F8223D9D150092A9DF /* Endpoint.swift in Sources */,
				C8FA35392249E01900D31B8C /* BigInt+Extensions.swift in Sources */,
				C5CF2835225305B70085B45E /* AionRelay.swift in Sources */,
				C8390209223DA2CB0092A9DF /* RelayController.swift in Sources */,
				1047D1B62252E6F1001B7F10 /* EthRPCCallbacks.swift in Sources */,
				C8F25FC4224031CE0081B039 /* ReportController.swift in Sources */,
				C839022B223DA9D30092A9DF /* PocketEth.swift in Sources */,
				C83901F1223D9D150092A9DF /* Configuration.swift in Sources */,
				C5CF28332252CE880085B45E /* AionNetwork.swift in Sources */,
				C83901FD223D9D150092A9DF /* Pocket.swift in Sources */,
				C80576A5223FF6F100B041EB /* Wallet.swift in Sources */,
				1047D1B82252E719001B7F10 /* EthObjectOrBoolean.swift in Sources */,
				C8390200223D9DFD0092A9DF /* Blockchain.swift in Sources */,
				C839022F223DB54A0092A9DF /* Dispatch.swift in Sources */,
				1047D1BC22539DBC001B7F10 /* EthContract.swift in Sources */,
				C80407F72246C8B30014EFE0 /* AionEthRPC.swift in Sources */,
				C83901FA223D9D150092A9DF /* WebService.swift in Sources */,
				C8E43FD5223EFEC700623885 /* PocketError.swift in Sources */,
				C839022D223DAA0B0092A9DF /* PocketAion.swift in Sources */,
				C8390205223DA1330092A9DF /* Utils.swift in Sources */,
				C83901EF223D9D150092A9DF /* Dictionary+Extensions.swift in Sources */,
				1047D1B02252C063001B7F10 /* NetRPC.swift in Sources */,
				C83901F0223D9D150092A9DF /* ServerConfiguration.swift in Sources */,
				C82D773E224D21F700612EE1 /* AionNetRPC.swift in Sources */,
				C80576A3223FD0F400B041EB /* Error+Extensions.swift in Sources */,
				C8390233223DB8E20092A9DF /* DispatchController.swift in Sources */,
				C8F25FC2224031410081B039 /* ReportRepository.swift in Sources */,
				C80407F22246A7850014EFE0 /* AionTransactionData.swift in Sources */,
				C83901F9223D9D150092A9DF /* Model.swift in Sources */,
				C5CF283B22538C2A0085B45E /* BlockTag.swift in Sources */,
				C8390202223D9F490092A9DF /* Relay.swift in Sources */,
				1047D1B22252C06F001B7F10 /* EthRPC.swift in Sources */,
				C83901F6223D9D150092A9DF /* Controller.swift in Sources */,
				C83901F7223D9D150092A9DF /* LiveData.swift in Sources */,
			);
			runOnlyForDeploymentPostprocessing = 0;
		};
		C8390195223D82660092A9DF /* Sources */ = {
			isa = PBXSourcesBuildPhase;
			buildActionMask = 2147483647;
			files = (
				C80D8B6422459400003AE3E8 /* PocketAionTests.swift in Sources */,
				1047D1C62253EAE8001B7F10 /* PocketEthTests.swift in Sources */,
				C839019F223D82660092A9DF /* PocketCoreTests.swift in Sources */,
			);
			runOnlyForDeploymentPostprocessing = 0;
		};
/* End PBXSourcesBuildPhase section */

/* Begin PBXTargetDependency section */
		C839019C223D82660092A9DF /* PBXTargetDependency */ = {
			isa = PBXTargetDependency;
			target = C839018F223D82660092A9DF /* PocketSwift */;
			targetProxy = C839019B223D82660092A9DF /* PBXContainerItemProxy */;
		};
/* End PBXTargetDependency section */

/* Begin XCBuildConfiguration section */
		C83901A2223D82660092A9DF /* Debug */ = {
			isa = XCBuildConfiguration;
			buildSettings = {
				ALWAYS_SEARCH_USER_PATHS = NO;
				CLANG_ANALYZER_NONNULL = YES;
				CLANG_ANALYZER_NUMBER_OBJECT_CONVERSION = YES_AGGRESSIVE;
				CLANG_CXX_LANGUAGE_STANDARD = "gnu++14";
				CLANG_CXX_LIBRARY = "libc++";
				CLANG_ENABLE_MODULES = YES;
				CLANG_ENABLE_OBJC_ARC = YES;
				CLANG_ENABLE_OBJC_WEAK = YES;
				CLANG_WARN_BLOCK_CAPTURE_AUTORELEASING = YES;
				CLANG_WARN_BOOL_CONVERSION = YES;
				CLANG_WARN_COMMA = YES;
				CLANG_WARN_CONSTANT_CONVERSION = YES;
				CLANG_WARN_DEPRECATED_OBJC_IMPLEMENTATIONS = YES;
				CLANG_WARN_DIRECT_OBJC_ISA_USAGE = YES_ERROR;
				CLANG_WARN_DOCUMENTATION_COMMENTS = YES;
				CLANG_WARN_EMPTY_BODY = YES;
				CLANG_WARN_ENUM_CONVERSION = YES;
				CLANG_WARN_INFINITE_RECURSION = YES;
				CLANG_WARN_INT_CONVERSION = YES;
				CLANG_WARN_NON_LITERAL_NULL_CONVERSION = YES;
				CLANG_WARN_OBJC_IMPLICIT_RETAIN_SELF = YES;
				CLANG_WARN_OBJC_LITERAL_CONVERSION = YES;
				CLANG_WARN_OBJC_ROOT_CLASS = YES_ERROR;
				CLANG_WARN_RANGE_LOOP_ANALYSIS = YES;
				CLANG_WARN_STRICT_PROTOTYPES = YES;
				CLANG_WARN_SUSPICIOUS_MOVE = YES;
				CLANG_WARN_UNGUARDED_AVAILABILITY = YES_AGGRESSIVE;
				CLANG_WARN_UNREACHABLE_CODE = YES;
				CLANG_WARN__DUPLICATE_METHOD_MATCH = YES;
				CODE_SIGN_IDENTITY = "iPhone Developer";
				COPY_PHASE_STRIP = NO;
				CURRENT_PROJECT_VERSION = 1;
				DEBUG_INFORMATION_FORMAT = dwarf;
				ENABLE_STRICT_OBJC_MSGSEND = YES;
				ENABLE_TESTABILITY = YES;
				GCC_C_LANGUAGE_STANDARD = gnu11;
				GCC_DYNAMIC_NO_PIC = NO;
				GCC_NO_COMMON_BLOCKS = YES;
				GCC_OPTIMIZATION_LEVEL = 0;
				GCC_PREPROCESSOR_DEFINITIONS = (
					"DEBUG=1",
					"$(inherited)",
				);
				GCC_WARN_64_TO_32_BIT_CONVERSION = YES;
				GCC_WARN_ABOUT_RETURN_TYPE = YES_ERROR;
				GCC_WARN_UNDECLARED_SELECTOR = YES;
				GCC_WARN_UNINITIALIZED_AUTOS = YES_AGGRESSIVE;
				GCC_WARN_UNUSED_FUNCTION = YES;
				GCC_WARN_UNUSED_VARIABLE = YES;
				IPHONEOS_DEPLOYMENT_TARGET = 12.1;
				MTL_ENABLE_DEBUG_INFO = INCLUDE_SOURCE;
				MTL_FAST_MATH = YES;
				ONLY_ACTIVE_ARCH = YES;
				SDKROOT = iphoneos;
				SWIFT_ACTIVE_COMPILATION_CONDITIONS = DEBUG;
				SWIFT_OPTIMIZATION_LEVEL = "-Onone";
				VERSIONING_SYSTEM = "apple-generic";
				VERSION_INFO_PREFIX = "";
			};
			name = Debug;
		};
		C83901A3223D82660092A9DF /* Release */ = {
			isa = XCBuildConfiguration;
			buildSettings = {
				ALWAYS_SEARCH_USER_PATHS = NO;
				CLANG_ANALYZER_NONNULL = YES;
				CLANG_ANALYZER_NUMBER_OBJECT_CONVERSION = YES_AGGRESSIVE;
				CLANG_CXX_LANGUAGE_STANDARD = "gnu++14";
				CLANG_CXX_LIBRARY = "libc++";
				CLANG_ENABLE_MODULES = YES;
				CLANG_ENABLE_OBJC_ARC = YES;
				CLANG_ENABLE_OBJC_WEAK = YES;
				CLANG_WARN_BLOCK_CAPTURE_AUTORELEASING = YES;
				CLANG_WARN_BOOL_CONVERSION = YES;
				CLANG_WARN_COMMA = YES;
				CLANG_WARN_CONSTANT_CONVERSION = YES;
				CLANG_WARN_DEPRECATED_OBJC_IMPLEMENTATIONS = YES;
				CLANG_WARN_DIRECT_OBJC_ISA_USAGE = YES_ERROR;
				CLANG_WARN_DOCUMENTATION_COMMENTS = YES;
				CLANG_WARN_EMPTY_BODY = YES;
				CLANG_WARN_ENUM_CONVERSION = YES;
				CLANG_WARN_INFINITE_RECURSION = YES;
				CLANG_WARN_INT_CONVERSION = YES;
				CLANG_WARN_NON_LITERAL_NULL_CONVERSION = YES;
				CLANG_WARN_OBJC_IMPLICIT_RETAIN_SELF = YES;
				CLANG_WARN_OBJC_LITERAL_CONVERSION = YES;
				CLANG_WARN_OBJC_ROOT_CLASS = YES_ERROR;
				CLANG_WARN_RANGE_LOOP_ANALYSIS = YES;
				CLANG_WARN_STRICT_PROTOTYPES = YES;
				CLANG_WARN_SUSPICIOUS_MOVE = YES;
				CLANG_WARN_UNGUARDED_AVAILABILITY = YES_AGGRESSIVE;
				CLANG_WARN_UNREACHABLE_CODE = YES;
				CLANG_WARN__DUPLICATE_METHOD_MATCH = YES;
				CODE_SIGN_IDENTITY = "iPhone Developer";
				COPY_PHASE_STRIP = NO;
				CURRENT_PROJECT_VERSION = 1;
				DEBUG_INFORMATION_FORMAT = "dwarf-with-dsym";
				ENABLE_NS_ASSERTIONS = NO;
				ENABLE_STRICT_OBJC_MSGSEND = YES;
				GCC_C_LANGUAGE_STANDARD = gnu11;
				GCC_NO_COMMON_BLOCKS = YES;
				GCC_WARN_64_TO_32_BIT_CONVERSION = YES;
				GCC_WARN_ABOUT_RETURN_TYPE = YES_ERROR;
				GCC_WARN_UNDECLARED_SELECTOR = YES;
				GCC_WARN_UNINITIALIZED_AUTOS = YES_AGGRESSIVE;
				GCC_WARN_UNUSED_FUNCTION = YES;
				GCC_WARN_UNUSED_VARIABLE = YES;
				IPHONEOS_DEPLOYMENT_TARGET = 12.1;
				MTL_ENABLE_DEBUG_INFO = NO;
				MTL_FAST_MATH = YES;
				SDKROOT = iphoneos;
				SWIFT_COMPILATION_MODE = wholemodule;
				SWIFT_OPTIMIZATION_LEVEL = "-O";
				VALIDATE_PRODUCT = YES;
				VERSIONING_SYSTEM = "apple-generic";
				VERSION_INFO_PREFIX = "";
			};
			name = Release;
		};
		C83901A5223D82660092A9DF /* Debug */ = {
			isa = XCBuildConfiguration;
			baseConfigurationReference = 9388A37DECDFA42EC03CC28D /* Pods-PocketSwift.debug.xcconfig */;
			buildSettings = {
				CLANG_ENABLE_MODULES = YES;
				CODE_SIGN_IDENTITY = "";
				CODE_SIGN_STYLE = Automatic;
				DEFINES_MODULE = YES;
				DEVELOPMENT_TEAM = 89229Z2MHH;
				DYLIB_COMPATIBILITY_VERSION = 1;
				DYLIB_CURRENT_VERSION = 1;
				DYLIB_INSTALL_NAME_BASE = "@rpath";
				INFOPLIST_FILE = PocketSwift/Info.plist;
				INSTALL_PATH = "$(LOCAL_LIBRARY_DIR)/Frameworks";
				LD_RUNPATH_SEARCH_PATHS = (
					"$(inherited)",
					"@executable_path/Frameworks",
					"@loader_path/Frameworks",
				);
				PRODUCT_BUNDLE_IDENTIFIER = Pokt.PocketSwift;
				PRODUCT_NAME = "$(TARGET_NAME:c99extidentifier)";
				SKIP_INSTALL = YES;
				SWIFT_OPTIMIZATION_LEVEL = "-Onone";
				SWIFT_VERSION = 5.0;
				TARGETED_DEVICE_FAMILY = "1,2";
			};
			name = Debug;
		};
		C83901A6223D82660092A9DF /* Release */ = {
			isa = XCBuildConfiguration;
			baseConfigurationReference = 01AB0D29DCEC5CC25DEFB92B /* Pods-PocketSwift.release.xcconfig */;
			buildSettings = {
				CLANG_ENABLE_MODULES = YES;
				CODE_SIGN_IDENTITY = "";
				CODE_SIGN_STYLE = Automatic;
				DEFINES_MODULE = YES;
				DEVELOPMENT_TEAM = 89229Z2MHH;
				DYLIB_COMPATIBILITY_VERSION = 1;
				DYLIB_CURRENT_VERSION = 1;
				DYLIB_INSTALL_NAME_BASE = "@rpath";
				INFOPLIST_FILE = PocketSwift/Info.plist;
				INSTALL_PATH = "$(LOCAL_LIBRARY_DIR)/Frameworks";
				LD_RUNPATH_SEARCH_PATHS = (
					"$(inherited)",
					"@executable_path/Frameworks",
					"@loader_path/Frameworks",
				);
				PRODUCT_BUNDLE_IDENTIFIER = Pokt.PocketSwift;
				PRODUCT_NAME = "$(TARGET_NAME:c99extidentifier)";
				SKIP_INSTALL = YES;
				SWIFT_VERSION = 5.0;
				TARGETED_DEVICE_FAMILY = "1,2";
			};
			name = Release;
		};
		C83901A8223D82660092A9DF /* Debug */ = {
			isa = XCBuildConfiguration;
			baseConfigurationReference = 380090D45C105ADA6BFEA1E9 /* Pods-PocketSwift-PocketSwiftTests.debug.xcconfig */;
			buildSettings = {
				ALWAYS_EMBED_SWIFT_STANDARD_LIBRARIES = "$(inherited)";
				CODE_SIGN_STYLE = Automatic;
				DEVELOPMENT_TEAM = 89229Z2MHH;
				INFOPLIST_FILE = PocketSwiftTests/Info.plist;
				LD_RUNPATH_SEARCH_PATHS = (
					"$(inherited)",
					"@executable_path/Frameworks",
					"@loader_path/Frameworks",
				);
				PRODUCT_BUNDLE_IDENTIFIER = Pokt.PocketSwiftTests;
				PRODUCT_NAME = "$(TARGET_NAME)";
				SWIFT_VERSION = 5.0;
				TARGETED_DEVICE_FAMILY = "1,2";
			};
			name = Debug;
		};
		C83901A9223D82660092A9DF /* Release */ = {
			isa = XCBuildConfiguration;
			baseConfigurationReference = 3325B23B959C6164DFA2A48F /* Pods-PocketSwift-PocketSwiftTests.release.xcconfig */;
			buildSettings = {
				ALWAYS_EMBED_SWIFT_STANDARD_LIBRARIES = "$(inherited)";
				CODE_SIGN_STYLE = Automatic;
				DEVELOPMENT_TEAM = 89229Z2MHH;
				INFOPLIST_FILE = PocketSwiftTests/Info.plist;
				LD_RUNPATH_SEARCH_PATHS = (
					"$(inherited)",
					"@executable_path/Frameworks",
					"@loader_path/Frameworks",
				);
				PRODUCT_BUNDLE_IDENTIFIER = Pokt.PocketSwiftTests;
				PRODUCT_NAME = "$(TARGET_NAME)";
				SWIFT_VERSION = 5.0;
				TARGETED_DEVICE_FAMILY = "1,2";
			};
			name = Release;
		};
/* End XCBuildConfiguration section */

/* Begin XCConfigurationList section */
		C839018A223D82660092A9DF /* Build configuration list for PBXProject "PocketSwift" */ = {
			isa = XCConfigurationList;
			buildConfigurations = (
				C83901A2223D82660092A9DF /* Debug */,
				C83901A3223D82660092A9DF /* Release */,
			);
			defaultConfigurationIsVisible = 0;
			defaultConfigurationName = Release;
		};
		C83901A4223D82660092A9DF /* Build configuration list for PBXNativeTarget "PocketSwift" */ = {
			isa = XCConfigurationList;
			buildConfigurations = (
				C83901A5223D82660092A9DF /* Debug */,
				C83901A6223D82660092A9DF /* Release */,
			);
			defaultConfigurationIsVisible = 0;
			defaultConfigurationName = Release;
		};
		C83901A7223D82660092A9DF /* Build configuration list for PBXNativeTarget "PocketSwiftTests" */ = {
			isa = XCConfigurationList;
			buildConfigurations = (
				C83901A8223D82660092A9DF /* Debug */,
				C83901A9223D82660092A9DF /* Release */,
			);
			defaultConfigurationIsVisible = 0;
			defaultConfigurationName = Release;
		};
/* End XCConfigurationList section */
	};
	rootObject = C8390187223D82660092A9DF /* Project object */;
}
