// !$*UTF8*$!
{
	archiveVersion = 1;
	classes = {
	};
	objectVersion = 50;
	objects = {

/* Begin PBXBuildFile section */
		4156FE928C88D6F15B6D090A /* Pods_PocketSwift.framework in Frameworks */ = {isa = PBXBuildFile; fileRef = 3E5CD1009677A53C073C2618 /* Pods_PocketSwift.framework */; };
		7A0754D4B061327F0B4393B8 /* Pods_PocketSwiftTests.framework in Frameworks */ = {isa = PBXBuildFile; fileRef = B83A5DB3BFF44163DB2CAA96 /* Pods_PocketSwiftTests.framework */; };
		C80576A1223FC57E00B041EB /* String+Extensions.swift in Sources */ = {isa = PBXBuildFile; fileRef = C80576A0223FC57E00B041EB /* String+Extensions.swift */; };
		C80576A3223FD0F400B041EB /* Error+Extensions.swift in Sources */ = {isa = PBXBuildFile; fileRef = C80576A2223FD0F400B041EB /* Error+Extensions.swift */; };
		C80576A5223FF6F100B041EB /* Wallet.swift in Sources */ = {isa = PBXBuildFile; fileRef = C80576A4223FF6F100B041EB /* Wallet.swift */; };
		C839019A223D82660092A9DF /* PocketSwift.framework in Frameworks */ = {isa = PBXBuildFile; fileRef = C8390190223D82660092A9DF /* PocketSwift.framework */; };
		C839019F223D82660092A9DF /* PocketSwiftTests.swift in Sources */ = {isa = PBXBuildFile; fileRef = C839019E223D82660092A9DF /* PocketSwiftTests.swift */; };
		C83901A1223D82660092A9DF /* PocketSwift.h in Headers */ = {isa = PBXBuildFile; fileRef = C8390193223D82660092A9DF /* PocketSwift.h */; settings = {ATTRIBUTES = (Public, ); }; };
		C83901EF223D9D150092A9DF /* Dictionary+Extension.swift in Sources */ = {isa = PBXBuildFile; fileRef = C83901DC223D9D150092A9DF /* Dictionary+Extension.swift */; };
		C83901F0223D9D150092A9DF /* ServerConfiguration.swift in Sources */ = {isa = PBXBuildFile; fileRef = C83901DE223D9D150092A9DF /* ServerConfiguration.swift */; };
		C83901F1223D9D150092A9DF /* Configuration.swift in Sources */ = {isa = PBXBuildFile; fileRef = C83901DF223D9D150092A9DF /* Configuration.swift */; };
		C83901F2223D9D150092A9DF /* WebServiceImpl.swift in Sources */ = {isa = PBXBuildFile; fileRef = C83901E1223D9D150092A9DF /* WebServiceImpl.swift */; };
		C83901F3223D9D150092A9DF /* Observer.swift in Sources */ = {isa = PBXBuildFile; fileRef = C83901E3223D9D150092A9DF /* Observer.swift */; };
		C83901F4223D9D150092A9DF /* ObjectAssociation.swift in Sources */ = {isa = PBXBuildFile; fileRef = C83901E4223D9D150092A9DF /* ObjectAssociation.swift */; };
		C83901F5223D9D150092A9DF /* Dynamic.swift in Sources */ = {isa = PBXBuildFile; fileRef = C83901E5223D9D150092A9DF /* Dynamic.swift */; };
		C83901F6223D9D150092A9DF /* Controller.swift in Sources */ = {isa = PBXBuildFile; fileRef = C83901E6223D9D150092A9DF /* Controller.swift */; };
		C83901F7223D9D150092A9DF /* LiveData.swift in Sources */ = {isa = PBXBuildFile; fileRef = C83901E7223D9D150092A9DF /* LiveData.swift */; };
		C83901F8223D9D150092A9DF /* Endpoint.swift in Sources */ = {isa = PBXBuildFile; fileRef = C83901E8223D9D150092A9DF /* Endpoint.swift */; };
		C83901F9223D9D150092A9DF /* Model.swift in Sources */ = {isa = PBXBuildFile; fileRef = C83901EA223D9D150092A9DF /* Model.swift */; };
		C83901FA223D9D150092A9DF /* WebService.swift in Sources */ = {isa = PBXBuildFile; fileRef = C83901EB223D9D150092A9DF /* WebService.swift */; };
		C83901FB223D9D150092A9DF /* Repository.swift in Sources */ = {isa = PBXBuildFile; fileRef = C83901EC223D9D150092A9DF /* Repository.swift */; };
		C83901FC223D9D150092A9DF /* Input.swift in Sources */ = {isa = PBXBuildFile; fileRef = C83901ED223D9D150092A9DF /* Input.swift */; };
		C83901FD223D9D150092A9DF /* PocketCore.swift in Sources */ = {isa = PBXBuildFile; fileRef = C83901EE223D9D150092A9DF /* PocketCore.swift */; };
		C8390200223D9DFD0092A9DF /* Blockchain.swift in Sources */ = {isa = PBXBuildFile; fileRef = C83901FF223D9DFD0092A9DF /* Blockchain.swift */; };
		C8390202223D9F490092A9DF /* Relay.swift in Sources */ = {isa = PBXBuildFile; fileRef = C8390201223D9F490092A9DF /* Relay.swift */; };
		C8390205223DA1330092A9DF /* Utils.swift in Sources */ = {isa = PBXBuildFile; fileRef = C8390204223DA1330092A9DF /* Utils.swift */; };
		C8390209223DA2CB0092A9DF /* RelayController.swift in Sources */ = {isa = PBXBuildFile; fileRef = C8390208223DA2CB0092A9DF /* RelayController.swift */; };
		C839020B223DA2D80092A9DF /* RelayRepository.swift in Sources */ = {isa = PBXBuildFile; fileRef = C839020A223DA2D80092A9DF /* RelayRepository.swift */; };
		C839022B223DA9D30092A9DF /* PocketEth.swift in Sources */ = {isa = PBXBuildFile; fileRef = C839022A223DA9D30092A9DF /* PocketEth.swift */; };
		C839022D223DAA0B0092A9DF /* PocketAion.swift in Sources */ = {isa = PBXBuildFile; fileRef = C839022C223DAA0B0092A9DF /* PocketAion.swift */; };
		C839022F223DB54A0092A9DF /* Dispatch.swift in Sources */ = {isa = PBXBuildFile; fileRef = C839022E223DB54A0092A9DF /* Dispatch.swift */; };
		C8390231223DB8630092A9DF /* DispatchRepository.swift in Sources */ = {isa = PBXBuildFile; fileRef = C8390230223DB8630092A9DF /* DispatchRepository.swift */; };
		C8390233223DB8E20092A9DF /* DispatchController.swift in Sources */ = {isa = PBXBuildFile; fileRef = C8390232223DB8E20092A9DF /* DispatchController.swift */; };
		C8390235223DBA380092A9DF /* Node.swift in Sources */ = {isa = PBXBuildFile; fileRef = C8390234223DBA380092A9DF /* Node.swift */; };
		C84F2C90223E88FA00BA1AA8 /* JSON.swift in Sources */ = {isa = PBXBuildFile; fileRef = C84F2C8F223E88FA00BA1AA8 /* JSON.swift */; };
		C84F2C92223E90C900BA1AA8 /* Array+Extensions.swift in Sources */ = {isa = PBXBuildFile; fileRef = C84F2C91223E90C900BA1AA8 /* Array+Extensions.swift */; };
		C8E43FD5223EFEC700623885 /* PocketError.swift in Sources */ = {isa = PBXBuildFile; fileRef = C8E43FD4223EFEC700623885 /* PocketError.swift */; };
		C8F25FC022402BC10081B039 /* Report.swift in Sources */ = {isa = PBXBuildFile; fileRef = C8F25FBF22402BC10081B039 /* Report.swift */; };
		C8F25FC2224031410081B039 /* ReportRepository.swift in Sources */ = {isa = PBXBuildFile; fileRef = C8F25FC1224031410081B039 /* ReportRepository.swift */; };
		C8F25FC4224031CE0081B039 /* ReportController.swift in Sources */ = {isa = PBXBuildFile; fileRef = C8F25FC3224031CE0081B039 /* ReportController.swift */; };
/* End PBXBuildFile section */

/* Begin PBXContainerItemProxy section */
		C839019B223D82660092A9DF /* PBXContainerItemProxy */ = {
			isa = PBXContainerItemProxy;
			containerPortal = C8390187223D82660092A9DF /* Project object */;
			proxyType = 1;
			remoteGlobalIDString = C839018F223D82660092A9DF;
			remoteInfo = PocketSwift;
		};
/* End PBXContainerItemProxy section */

/* Begin PBXFileReference section */
		3E5CD1009677A53C073C2618 /* Pods_PocketSwift.framework */ = {isa = PBXFileReference; explicitFileType = wrapper.framework; includeInIndex = 0; path = Pods_PocketSwift.framework; sourceTree = BUILT_PRODUCTS_DIR; };
		4E15465B2934C5ED0BC6239C /* Pods-PocketSwiftTests.debug.xcconfig */ = {isa = PBXFileReference; includeInIndex = 1; lastKnownFileType = text.xcconfig; name = "Pods-PocketSwiftTests.debug.xcconfig"; path = "Pods/Target Support Files/Pods-PocketSwiftTests/Pods-PocketSwiftTests.debug.xcconfig"; sourceTree = "<group>"; };
		6F4FE746F32F5FD2E90B9482 /* Pods-PocketSwift.debug.xcconfig */ = {isa = PBXFileReference; includeInIndex = 1; lastKnownFileType = text.xcconfig; name = "Pods-PocketSwift.debug.xcconfig"; path = "Pods/Target Support Files/Pods-PocketSwift/Pods-PocketSwift.debug.xcconfig"; sourceTree = "<group>"; };
		A5ABEF640813FC6CE6759229 /* Pods-PocketSwift.release.xcconfig */ = {isa = PBXFileReference; includeInIndex = 1; lastKnownFileType = text.xcconfig; name = "Pods-PocketSwift.release.xcconfig"; path = "Pods/Target Support Files/Pods-PocketSwift/Pods-PocketSwift.release.xcconfig"; sourceTree = "<group>"; };
		B83A5DB3BFF44163DB2CAA96 /* Pods_PocketSwiftTests.framework */ = {isa = PBXFileReference; explicitFileType = wrapper.framework; includeInIndex = 0; path = Pods_PocketSwiftTests.framework; sourceTree = BUILT_PRODUCTS_DIR; };
		C80576A0223FC57E00B041EB /* String+Extensions.swift */ = {isa = PBXFileReference; lastKnownFileType = sourcecode.swift; path = "String+Extensions.swift"; sourceTree = "<group>"; };
		C80576A2223FD0F400B041EB /* Error+Extensions.swift */ = {isa = PBXFileReference; lastKnownFileType = sourcecode.swift; path = "Error+Extensions.swift"; sourceTree = "<group>"; };
		C80576A4223FF6F100B041EB /* Wallet.swift */ = {isa = PBXFileReference; lastKnownFileType = sourcecode.swift; path = Wallet.swift; sourceTree = "<group>"; };
		C8390190223D82660092A9DF /* PocketSwift.framework */ = {isa = PBXFileReference; explicitFileType = wrapper.framework; includeInIndex = 0; path = PocketSwift.framework; sourceTree = BUILT_PRODUCTS_DIR; };
		C8390193223D82660092A9DF /* PocketSwift.h */ = {isa = PBXFileReference; lastKnownFileType = sourcecode.c.h; path = PocketSwift.h; sourceTree = "<group>"; };
		C8390194223D82660092A9DF /* Info.plist */ = {isa = PBXFileReference; lastKnownFileType = text.plist.xml; path = Info.plist; sourceTree = "<group>"; };
		C8390199223D82660092A9DF /* PocketSwiftTests.xctest */ = {isa = PBXFileReference; explicitFileType = wrapper.cfbundle; includeInIndex = 0; path = PocketSwiftTests.xctest; sourceTree = BUILT_PRODUCTS_DIR; };
		C839019E223D82660092A9DF /* PocketSwiftTests.swift */ = {isa = PBXFileReference; lastKnownFileType = sourcecode.swift; path = PocketSwiftTests.swift; sourceTree = "<group>"; };
		C83901A0223D82660092A9DF /* Info.plist */ = {isa = PBXFileReference; lastKnownFileType = text.plist.xml; path = Info.plist; sourceTree = "<group>"; };
		C83901AC223D842B0092A9DF /* QA.xcconfig */ = {isa = PBXFileReference; lastKnownFileType = text.xcconfig; path = QA.xcconfig; sourceTree = "<group>"; };
		C83901AD223D84350092A9DF /* PROD.xcconfig */ = {isa = PBXFileReference; lastKnownFileType = text.xcconfig; path = PROD.xcconfig; sourceTree = "<group>"; };
		C83901DC223D9D150092A9DF /* Dictionary+Extension.swift */ = {isa = PBXFileReference; fileEncoding = 4; lastKnownFileType = sourcecode.swift; path = "Dictionary+Extension.swift"; sourceTree = "<group>"; };
		C83901DE223D9D150092A9DF /* ServerConfiguration.swift */ = {isa = PBXFileReference; fileEncoding = 4; lastKnownFileType = sourcecode.swift; path = ServerConfiguration.swift; sourceTree = "<group>"; };
		C83901DF223D9D150092A9DF /* Configuration.swift */ = {isa = PBXFileReference; fileEncoding = 4; lastKnownFileType = sourcecode.swift; path = Configuration.swift; sourceTree = "<group>"; };
		C83901E1223D9D150092A9DF /* WebServiceImpl.swift */ = {isa = PBXFileReference; fileEncoding = 4; lastKnownFileType = sourcecode.swift; path = WebServiceImpl.swift; sourceTree = "<group>"; };
		C83901E3223D9D150092A9DF /* Observer.swift */ = {isa = PBXFileReference; fileEncoding = 4; lastKnownFileType = sourcecode.swift; path = Observer.swift; sourceTree = "<group>"; };
		C83901E4223D9D150092A9DF /* ObjectAssociation.swift */ = {isa = PBXFileReference; fileEncoding = 4; lastKnownFileType = sourcecode.swift; path = ObjectAssociation.swift; sourceTree = "<group>"; };
		C83901E5223D9D150092A9DF /* Dynamic.swift */ = {isa = PBXFileReference; fileEncoding = 4; lastKnownFileType = sourcecode.swift; path = Dynamic.swift; sourceTree = "<group>"; };
		C83901E6223D9D150092A9DF /* Controller.swift */ = {isa = PBXFileReference; fileEncoding = 4; lastKnownFileType = sourcecode.swift; path = Controller.swift; sourceTree = "<group>"; };
		C83901E7223D9D150092A9DF /* LiveData.swift */ = {isa = PBXFileReference; fileEncoding = 4; lastKnownFileType = sourcecode.swift; path = LiveData.swift; sourceTree = "<group>"; };
		C83901E8223D9D150092A9DF /* Endpoint.swift */ = {isa = PBXFileReference; fileEncoding = 4; lastKnownFileType = sourcecode.swift; path = Endpoint.swift; sourceTree = "<group>"; };
		C83901EA223D9D150092A9DF /* Model.swift */ = {isa = PBXFileReference; fileEncoding = 4; lastKnownFileType = sourcecode.swift; path = Model.swift; sourceTree = "<group>"; };
		C83901EB223D9D150092A9DF /* WebService.swift */ = {isa = PBXFileReference; fileEncoding = 4; lastKnownFileType = sourcecode.swift; path = WebService.swift; sourceTree = "<group>"; };
		C83901EC223D9D150092A9DF /* Repository.swift */ = {isa = PBXFileReference; fileEncoding = 4; lastKnownFileType = sourcecode.swift; path = Repository.swift; sourceTree = "<group>"; };
		C83901ED223D9D150092A9DF /* Input.swift */ = {isa = PBXFileReference; fileEncoding = 4; lastKnownFileType = sourcecode.swift; path = Input.swift; sourceTree = "<group>"; };
		C83901EE223D9D150092A9DF /* PocketCore.swift */ = {isa = PBXFileReference; fileEncoding = 4; lastKnownFileType = sourcecode.swift; path = PocketCore.swift; sourceTree = "<group>"; };
		C83901FF223D9DFD0092A9DF /* Blockchain.swift */ = {isa = PBXFileReference; lastKnownFileType = sourcecode.swift; path = Blockchain.swift; sourceTree = "<group>"; };
		C8390201223D9F490092A9DF /* Relay.swift */ = {isa = PBXFileReference; lastKnownFileType = sourcecode.swift; path = Relay.swift; sourceTree = "<group>"; };
		C8390204223DA1330092A9DF /* Utils.swift */ = {isa = PBXFileReference; lastKnownFileType = sourcecode.swift; path = Utils.swift; sourceTree = "<group>"; };
		C8390208223DA2CB0092A9DF /* RelayController.swift */ = {isa = PBXFileReference; lastKnownFileType = sourcecode.swift; path = RelayController.swift; sourceTree = "<group>"; };
		C839020A223DA2D80092A9DF /* RelayRepository.swift */ = {isa = PBXFileReference; lastKnownFileType = sourcecode.swift; path = RelayRepository.swift; sourceTree = "<group>"; };
		C839022A223DA9D30092A9DF /* PocketEth.swift */ = {isa = PBXFileReference; lastKnownFileType = sourcecode.swift; path = PocketEth.swift; sourceTree = "<group>"; };
		C839022C223DAA0B0092A9DF /* PocketAion.swift */ = {isa = PBXFileReference; lastKnownFileType = sourcecode.swift; path = PocketAion.swift; sourceTree = "<group>"; };
		C839022E223DB54A0092A9DF /* Dispatch.swift */ = {isa = PBXFileReference; lastKnownFileType = sourcecode.swift; path = Dispatch.swift; sourceTree = "<group>"; };
		C8390230223DB8630092A9DF /* DispatchRepository.swift */ = {isa = PBXFileReference; lastKnownFileType = sourcecode.swift; path = DispatchRepository.swift; sourceTree = "<group>"; };
		C8390232223DB8E20092A9DF /* DispatchController.swift */ = {isa = PBXFileReference; lastKnownFileType = sourcecode.swift; path = DispatchController.swift; sourceTree = "<group>"; };
		C8390234223DBA380092A9DF /* Node.swift */ = {isa = PBXFileReference; lastKnownFileType = sourcecode.swift; path = Node.swift; sourceTree = "<group>"; };
		C84F2C8F223E88FA00BA1AA8 /* JSON.swift */ = {isa = PBXFileReference; lastKnownFileType = sourcecode.swift; path = JSON.swift; sourceTree = "<group>"; };
		C84F2C91223E90C900BA1AA8 /* Array+Extensions.swift */ = {isa = PBXFileReference; lastKnownFileType = sourcecode.swift; path = "Array+Extensions.swift"; sourceTree = "<group>"; };
		C8E43FD4223EFEC700623885 /* PocketError.swift */ = {isa = PBXFileReference; lastKnownFileType = sourcecode.swift; path = PocketError.swift; sourceTree = "<group>"; };
		C8F25FBF22402BC10081B039 /* Report.swift */ = {isa = PBXFileReference; lastKnownFileType = sourcecode.swift; path = Report.swift; sourceTree = "<group>"; };
		C8F25FC1224031410081B039 /* ReportRepository.swift */ = {isa = PBXFileReference; lastKnownFileType = sourcecode.swift; path = ReportRepository.swift; sourceTree = "<group>"; };
		C8F25FC3224031CE0081B039 /* ReportController.swift */ = {isa = PBXFileReference; lastKnownFileType = sourcecode.swift; path = ReportController.swift; sourceTree = "<group>"; };
		F134964CF4DC5419172A8474 /* Pods-PocketSwiftTests.release.xcconfig */ = {isa = PBXFileReference; includeInIndex = 1; lastKnownFileType = text.xcconfig; name = "Pods-PocketSwiftTests.release.xcconfig"; path = "Pods/Target Support Files/Pods-PocketSwiftTests/Pods-PocketSwiftTests.release.xcconfig"; sourceTree = "<group>"; };
/* End PBXFileReference section */

/* Begin PBXFrameworksBuildPhase section */
		C839018D223D82660092A9DF /* Frameworks */ = {
			isa = PBXFrameworksBuildPhase;
			buildActionMask = 2147483647;
			files = (
				4156FE928C88D6F15B6D090A /* Pods_PocketSwift.framework in Frameworks */,
			);
			runOnlyForDeploymentPostprocessing = 0;
		};
		C8390196223D82660092A9DF /* Frameworks */ = {
			isa = PBXFrameworksBuildPhase;
			buildActionMask = 2147483647;
			files = (
				C839019A223D82660092A9DF /* PocketSwift.framework in Frameworks */,
				7A0754D4B061327F0B4393B8 /* Pods_PocketSwiftTests.framework in Frameworks */,
			);
			runOnlyForDeploymentPostprocessing = 0;
		};
/* End PBXFrameworksBuildPhase section */

/* Begin PBXGroup section */
		0A033D4E3D5BA1282D444260 /* Frameworks */ = {
			isa = PBXGroup;
			children = (
				3E5CD1009677A53C073C2618 /* Pods_PocketSwift.framework */,
				B83A5DB3BFF44163DB2CAA96 /* Pods_PocketSwiftTests.framework */,
			);
			name = Frameworks;
			sourceTree = "<group>";
		};
		C8390186223D82660092A9DF = {
			isa = PBXGroup;
			children = (
				C8390192223D82660092A9DF /* PocketSwift */,
				C839019D223D82660092A9DF /* PocketSwiftTests */,
				C8390191223D82660092A9DF /* Products */,
				D8E79B7FBB6F06149E66BD2B /* Pods */,
				0A033D4E3D5BA1282D444260 /* Frameworks */,
			);
			sourceTree = "<group>";
		};
		C8390191223D82660092A9DF /* Products */ = {
			isa = PBXGroup;
			children = (
				C8390190223D82660092A9DF /* PocketSwift.framework */,
				C8390199223D82660092A9DF /* PocketSwiftTests.xctest */,
			);
			name = Products;
			sourceTree = "<group>";
		};
		C8390192223D82660092A9DF /* PocketSwift */ = {
			isa = PBXGroup;
			children = (
				C83901D3223D9A9E0092A9DF /* Packages */,
				C8390193223D82660092A9DF /* PocketSwift.h */,
				C8390194223D82660092A9DF /* Info.plist */,
				C83901AC223D842B0092A9DF /* QA.xcconfig */,
				C83901AD223D84350092A9DF /* PROD.xcconfig */,
			);
			path = PocketSwift;
			sourceTree = "<group>";
		};
		C839019D223D82660092A9DF /* PocketSwiftTests */ = {
			isa = PBXGroup;
			children = (
				C839019E223D82660092A9DF /* PocketSwiftTests.swift */,
				C83901A0223D82660092A9DF /* Info.plist */,
			);
			path = PocketSwiftTests;
			sourceTree = "<group>";
		};
		C83901AB223D840B0092A9DF /* Core */ = {
			isa = PBXGroup;
			children = (
				C83901DA223D9D150092A9DF /* Architecture */,
				C8390206223DA2B00092A9DF /* Controller */,
				C83901FE223D9DE90092A9DF /* Model */,
				C8390203223DA11E0092A9DF /* Util */,
				C83901EE223D9D150092A9DF /* PocketCore.swift */,
			);
			path = Core;
			sourceTree = "<group>";
		};
		C83901D3223D9A9E0092A9DF /* Packages */ = {
			isa = PBXGroup;
			children = (
				C83901D5223D9ABE0092A9DF /* Eth */,
				C83901D4223D9AB70092A9DF /* Aion */,
				C83901AB223D840B0092A9DF /* Core */,
			);
			path = Packages;
			sourceTree = "<group>";
		};
		C83901D4223D9AB70092A9DF /* Aion */ = {
			isa = PBXGroup;
			children = (
				C839022C223DAA0B0092A9DF /* PocketAion.swift */,
			);
			path = Aion;
			sourceTree = "<group>";
		};
		C83901D5223D9ABE0092A9DF /* Eth */ = {
			isa = PBXGroup;
			children = (
				C839022A223DA9D30092A9DF /* PocketEth.swift */,
			);
			path = Eth;
			sourceTree = "<group>";
		};
		C83901DA223D9D150092A9DF /* Architecture */ = {
			isa = PBXGroup;
			children = (
				C8E43FD3223EFEB200623885 /* Error */,
				C83901DB223D9D150092A9DF /* Extension */,
				C83901DD223D9D150092A9DF /* Config */,
				C83901E0223D9D150092A9DF /* Network */,
				C83901E2223D9D150092A9DF /* Component */,
				C83901E9223D9D150092A9DF /* Protocol */,
			);
			path = Architecture;
			sourceTree = "<group>";
		};
		C83901DB223D9D150092A9DF /* Extension */ = {
			isa = PBXGroup;
			children = (
				C83901DC223D9D150092A9DF /* Dictionary+Extension.swift */,
				C84F2C91223E90C900BA1AA8 /* Array+Extensions.swift */,
				C80576A0223FC57E00B041EB /* String+Extensions.swift */,
				C80576A2223FD0F400B041EB /* Error+Extensions.swift */,
			);
			path = Extension;
			sourceTree = "<group>";
		};
		C83901DD223D9D150092A9DF /* Config */ = {
			isa = PBXGroup;
			children = (
				C83901DE223D9D150092A9DF /* ServerConfiguration.swift */,
				C83901DF223D9D150092A9DF /* Configuration.swift */,
			);
			path = Config;
			sourceTree = "<group>";
		};
		C83901E0223D9D150092A9DF /* Network */ = {
			isa = PBXGroup;
			children = (
				C83901E1223D9D150092A9DF /* WebServiceImpl.swift */,
			);
			path = Network;
			sourceTree = "<group>";
		};
		C83901E2223D9D150092A9DF /* Component */ = {
			isa = PBXGroup;
			children = (
				C83901E3223D9D150092A9DF /* Observer.swift */,
				C83901E4223D9D150092A9DF /* ObjectAssociation.swift */,
				C83901E5223D9D150092A9DF /* Dynamic.swift */,
				C83901E6223D9D150092A9DF /* Controller.swift */,
				C83901E7223D9D150092A9DF /* LiveData.swift */,
				C83901E8223D9D150092A9DF /* Endpoint.swift */,
			);
			path = Component;
			sourceTree = "<group>";
		};
		C83901E9223D9D150092A9DF /* Protocol */ = {
			isa = PBXGroup;
			children = (
				C83901EA223D9D150092A9DF /* Model.swift */,
				C83901EB223D9D150092A9DF /* WebService.swift */,
				C83901EC223D9D150092A9DF /* Repository.swift */,
				C83901ED223D9D150092A9DF /* Input.swift */,
			);
			path = Protocol;
			sourceTree = "<group>";
		};
		C83901FE223D9DE90092A9DF /* Model */ = {
			isa = PBXGroup;
			children = (
				C83901FF223D9DFD0092A9DF /* Blockchain.swift */,
				C8390201223D9F490092A9DF /* Relay.swift */,
				C839022E223DB54A0092A9DF /* Dispatch.swift */,
				C8390234223DBA380092A9DF /* Node.swift */,
				C80576A4223FF6F100B041EB /* Wallet.swift */,
				C8F25FBF22402BC10081B039 /* Report.swift */,
			);
			path = Model;
			sourceTree = "<group>";
		};
		C8390203223DA11E0092A9DF /* Util */ = {
			isa = PBXGroup;
			children = (
				C8390204223DA1330092A9DF /* Utils.swift */,
				C84F2C8F223E88FA00BA1AA8 /* JSON.swift */,
			);
			path = Util;
			sourceTree = "<group>";
		};
		C8390206223DA2B00092A9DF /* Controller */ = {
			isa = PBXGroup;
			children = (
				C8390207223DA2BD0092A9DF /* Repository */,
				C8390208223DA2CB0092A9DF /* RelayController.swift */,
				C8390232223DB8E20092A9DF /* DispatchController.swift */,
				C8F25FC3224031CE0081B039 /* ReportController.swift */,
			);
			path = Controller;
			sourceTree = "<group>";
		};
		C8390207223DA2BD0092A9DF /* Repository */ = {
			isa = PBXGroup;
			children = (
				C839020A223DA2D80092A9DF /* RelayRepository.swift */,
				C8390230223DB8630092A9DF /* DispatchRepository.swift */,
				C8F25FC1224031410081B039 /* ReportRepository.swift */,
			);
			path = Repository;
			sourceTree = "<group>";
		};
		C8E43FD3223EFEB200623885 /* Error */ = {
			isa = PBXGroup;
			children = (
				C8E43FD4223EFEC700623885 /* PocketError.swift */,
			);
			path = Error;
			sourceTree = "<group>";
		};
		D8E79B7FBB6F06149E66BD2B /* Pods */ = {
			isa = PBXGroup;
			children = (
				6F4FE746F32F5FD2E90B9482 /* Pods-PocketSwift.debug.xcconfig */,
				A5ABEF640813FC6CE6759229 /* Pods-PocketSwift.release.xcconfig */,
				4E15465B2934C5ED0BC6239C /* Pods-PocketSwiftTests.debug.xcconfig */,
				F134964CF4DC5419172A8474 /* Pods-PocketSwiftTests.release.xcconfig */,
			);
			name = Pods;
			sourceTree = "<group>";
		};
/* End PBXGroup section */

/* Begin PBXHeadersBuildPhase section */
		C839018B223D82660092A9DF /* Headers */ = {
			isa = PBXHeadersBuildPhase;
			buildActionMask = 2147483647;
			files = (
				C83901A1223D82660092A9DF /* PocketSwift.h in Headers */,
			);
			runOnlyForDeploymentPostprocessing = 0;
		};
/* End PBXHeadersBuildPhase section */

/* Begin PBXNativeTarget section */
		C839018F223D82660092A9DF /* PocketSwift */ = {
			isa = PBXNativeTarget;
			buildConfigurationList = C83901A4223D82660092A9DF /* Build configuration list for PBXNativeTarget "PocketSwift" */;
			buildPhases = (
				D9AF8FD80318CC58C018B025 /* [CP] Check Pods Manifest.lock */,
				C839018B223D82660092A9DF /* Headers */,
				C839018C223D82660092A9DF /* Sources */,
				C839018D223D82660092A9DF /* Frameworks */,
				C839018E223D82660092A9DF /* Resources */,
			);
			buildRules = (
			);
			dependencies = (
			);
			name = PocketSwift;
			productName = PocketSwift;
			productReference = C8390190223D82660092A9DF /* PocketSwift.framework */;
			productType = "com.apple.product-type.framework";
		};
		C8390198223D82660092A9DF /* PocketSwiftTests */ = {
			isa = PBXNativeTarget;
			buildConfigurationList = C83901A7223D82660092A9DF /* Build configuration list for PBXNativeTarget "PocketSwiftTests" */;
			buildPhases = (
				260737A4AC4BE283485B893C /* [CP] Check Pods Manifest.lock */,
				C8390195223D82660092A9DF /* Sources */,
				C8390196223D82660092A9DF /* Frameworks */,
				C8390197223D82660092A9DF /* Resources */,
				0171B6B3ABA2E9060EC365E6 /* [CP] Embed Pods Frameworks */,
			);
			buildRules = (
			);
			dependencies = (
				C839019C223D82660092A9DF /* PBXTargetDependency */,
			);
			name = PocketSwiftTests;
			productName = PocketSwiftTests;
			productReference = C8390199223D82660092A9DF /* PocketSwiftTests.xctest */;
			productType = "com.apple.product-type.bundle.unit-test";
		};
/* End PBXNativeTarget section */

/* Begin PBXProject section */
		C8390187223D82660092A9DF /* Project object */ = {
			isa = PBXProject;
			attributes = {
				LastSwiftUpdateCheck = 1010;
				LastUpgradeCheck = 1010;
				ORGANIZATIONNAME = "Wilson Garcia";
				TargetAttributes = {
					C839018F223D82660092A9DF = {
						CreatedOnToolsVersion = 10.1;
						LastSwiftMigration = 1010;
					};
					C8390198223D82660092A9DF = {
						CreatedOnToolsVersion = 10.1;
					};
				};
			};
			buildConfigurationList = C839018A223D82660092A9DF /* Build configuration list for PBXProject "PocketSwift" */;
			compatibilityVersion = "Xcode 9.3";
			developmentRegion = en;
			hasScannedForEncodings = 0;
			knownRegions = (
				en,
			);
			mainGroup = C8390186223D82660092A9DF;
			productRefGroup = C8390191223D82660092A9DF /* Products */;
			projectDirPath = "";
			projectRoot = "";
			targets = (
				C839018F223D82660092A9DF /* PocketSwift */,
				C8390198223D82660092A9DF /* PocketSwiftTests */,
			);
		};
/* End PBXProject section */

/* Begin PBXResourcesBuildPhase section */
		C839018E223D82660092A9DF /* Resources */ = {
			isa = PBXResourcesBuildPhase;
			buildActionMask = 2147483647;
			files = (
			);
			runOnlyForDeploymentPostprocessing = 0;
		};
		C8390197223D82660092A9DF /* Resources */ = {
			isa = PBXResourcesBuildPhase;
			buildActionMask = 2147483647;
			files = (
			);
			runOnlyForDeploymentPostprocessing = 0;
		};
/* End PBXResourcesBuildPhase section */

/* Begin PBXShellScriptBuildPhase section */
		0171B6B3ABA2E9060EC365E6 /* [CP] Embed Pods Frameworks */ = {
			isa = PBXShellScriptBuildPhase;
			buildActionMask = 2147483647;
			files = (
			);
			inputFileListPaths = (
			);
			inputPaths = (
				"${SRCROOT}/Pods/Target Support Files/Pods-PocketSwiftTests/Pods-PocketSwiftTests-frameworks.sh",
				"${BUILT_PRODUCTS_DIR}/RxAtomic/RxAtomic.framework",
				"${BUILT_PRODUCTS_DIR}/RxSwift/RxSwift.framework",
				"${BUILT_PRODUCTS_DIR}/RxBlocking/RxBlocking.framework",
				"${BUILT_PRODUCTS_DIR}/RxTest/RxTest.framework",
			);
			name = "[CP] Embed Pods Frameworks";
			outputFileListPaths = (
			);
			outputPaths = (
				"${TARGET_BUILD_DIR}/${FRAMEWORKS_FOLDER_PATH}/RxAtomic.framework",
				"${TARGET_BUILD_DIR}/${FRAMEWORKS_FOLDER_PATH}/RxSwift.framework",
				"${TARGET_BUILD_DIR}/${FRAMEWORKS_FOLDER_PATH}/RxBlocking.framework",
				"${TARGET_BUILD_DIR}/${FRAMEWORKS_FOLDER_PATH}/RxTest.framework",
			);
			runOnlyForDeploymentPostprocessing = 0;
			shellPath = /bin/sh;
			shellScript = "\"${SRCROOT}/Pods/Target Support Files/Pods-PocketSwiftTests/Pods-PocketSwiftTests-frameworks.sh\"\n";
			showEnvVarsInLog = 0;
		};
		260737A4AC4BE283485B893C /* [CP] Check Pods Manifest.lock */ = {
			isa = PBXShellScriptBuildPhase;
			buildActionMask = 2147483647;
			files = (
			);
			inputFileListPaths = (
			);
			inputPaths = (
				"${PODS_PODFILE_DIR_PATH}/Podfile.lock",
				"${PODS_ROOT}/Manifest.lock",
			);
			name = "[CP] Check Pods Manifest.lock";
			outputFileListPaths = (
			);
			outputPaths = (
				"$(DERIVED_FILE_DIR)/Pods-PocketSwiftTests-checkManifestLockResult.txt",
			);
			runOnlyForDeploymentPostprocessing = 0;
			shellPath = /bin/sh;
			shellScript = "diff \"${PODS_PODFILE_DIR_PATH}/Podfile.lock\" \"${PODS_ROOT}/Manifest.lock\" > /dev/null\nif [ $? != 0 ] ; then\n    # print error to STDERR\n    echo \"error: The sandbox is not in sync with the Podfile.lock. Run 'pod install' or update your CocoaPods installation.\" >&2\n    exit 1\nfi\n# This output is used by Xcode 'outputs' to avoid re-running this script phase.\necho \"SUCCESS\" > \"${SCRIPT_OUTPUT_FILE_0}\"\n";
			showEnvVarsInLog = 0;
		};
		D9AF8FD80318CC58C018B025 /* [CP] Check Pods Manifest.lock */ = {
			isa = PBXShellScriptBuildPhase;
			buildActionMask = 2147483647;
			files = (
			);
			inputFileListPaths = (
			);
			inputPaths = (
				"${PODS_PODFILE_DIR_PATH}/Podfile.lock",
				"${PODS_ROOT}/Manifest.lock",
			);
			name = "[CP] Check Pods Manifest.lock";
			outputFileListPaths = (
			);
			outputPaths = (
				"$(DERIVED_FILE_DIR)/Pods-PocketSwift-checkManifestLockResult.txt",
			);
			runOnlyForDeploymentPostprocessing = 0;
			shellPath = /bin/sh;
			shellScript = "diff \"${PODS_PODFILE_DIR_PATH}/Podfile.lock\" \"${PODS_ROOT}/Manifest.lock\" > /dev/null\nif [ $? != 0 ] ; then\n    # print error to STDERR\n    echo \"error: The sandbox is not in sync with the Podfile.lock. Run 'pod install' or update your CocoaPods installation.\" >&2\n    exit 1\nfi\n# This output is used by Xcode 'outputs' to avoid re-running this script phase.\necho \"SUCCESS\" > \"${SCRIPT_OUTPUT_FILE_0}\"\n";
			showEnvVarsInLog = 0;
		};
/* End PBXShellScriptBuildPhase section */

/* Begin PBXSourcesBuildPhase section */
		C839018C223D82660092A9DF /* Sources */ = {
			isa = PBXSourcesBuildPhase;
			buildActionMask = 2147483647;
			files = (
				C83901FC223D9D150092A9DF /* Input.swift in Sources */,
				C83901F4223D9D150092A9DF /* ObjectAssociation.swift in Sources */,
				C83901F2223D9D150092A9DF /* WebServiceImpl.swift in Sources */,
				C84F2C92223E90C900BA1AA8 /* Array+Extensions.swift in Sources */,
				C8390231223DB8630092A9DF /* DispatchRepository.swift in Sources */,
				C83901F3223D9D150092A9DF /* Observer.swift in Sources */,
				C8390235223DBA380092A9DF /* Node.swift in Sources */,
				C83901FB223D9D150092A9DF /* Repository.swift in Sources */,
				C839020B223DA2D80092A9DF /* RelayRepository.swift in Sources */,
				C83901F5223D9D150092A9DF /* Dynamic.swift in Sources */,
				C80576A1223FC57E00B041EB /* String+Extensions.swift in Sources */,
				C8F25FC022402BC10081B039 /* Report.swift in Sources */,
				C83901F8223D9D150092A9DF /* Endpoint.swift in Sources */,
				C8390209223DA2CB0092A9DF /* RelayController.swift in Sources */,
				C8F25FC4224031CE0081B039 /* ReportController.swift in Sources */,
				C839022B223DA9D30092A9DF /* PocketEth.swift in Sources */,
				C83901F1223D9D150092A9DF /* Configuration.swift in Sources */,
				C83901FD223D9D150092A9DF /* PocketCore.swift in Sources */,
				C80576A5223FF6F100B041EB /* Wallet.swift in Sources */,
				C8390200223D9DFD0092A9DF /* Blockchain.swift in Sources */,
				C839022F223DB54A0092A9DF /* Dispatch.swift in Sources */,
				C83901FA223D9D150092A9DF /* WebService.swift in Sources */,
				C8E43FD5223EFEC700623885 /* PocketError.swift in Sources */,
				C839022D223DAA0B0092A9DF /* PocketAion.swift in Sources */,
				C8390205223DA1330092A9DF /* Utils.swift in Sources */,
				C83901EF223D9D150092A9DF /* Dictionary+Extension.swift in Sources */,
				C83901F0223D9D150092A9DF /* ServerConfiguration.swift in Sources */,
				C84F2C90223E88FA00BA1AA8 /* JSON.swift in Sources */,
				C80576A3223FD0F400B041EB /* Error+Extensions.swift in Sources */,
				C8390233223DB8E20092A9DF /* DispatchController.swift in Sources */,
				C8F25FC2224031410081B039 /* ReportRepository.swift in Sources */,
				C83901F9223D9D150092A9DF /* Model.swift in Sources */,
				C8390202223D9F490092A9DF /* Relay.swift in Sources */,
				C83901F6223D9D150092A9DF /* Controller.swift in Sources */,
				C83901F7223D9D150092A9DF /* LiveData.swift in Sources */,
			);
			runOnlyForDeploymentPostprocessing = 0;
		};
		C8390195223D82660092A9DF /* Sources */ = {
			isa = PBXSourcesBuildPhase;
			buildActionMask = 2147483647;
			files = (
				C839019F223D82660092A9DF /* PocketSwiftTests.swift in Sources */,
			);
			runOnlyForDeploymentPostprocessing = 0;
		};
/* End PBXSourcesBuildPhase section */

/* Begin PBXTargetDependency section */
		C839019C223D82660092A9DF /* PBXTargetDependency */ = {
			isa = PBXTargetDependency;
			target = C839018F223D82660092A9DF /* PocketSwift */;
			targetProxy = C839019B223D82660092A9DF /* PBXContainerItemProxy */;
		};
/* End PBXTargetDependency section */

/* Begin XCBuildConfiguration section */
		C83901A2223D82660092A9DF /* Debug */ = {
			isa = XCBuildConfiguration;
			buildSettings = {
				ALWAYS_SEARCH_USER_PATHS = NO;
				CLANG_ANALYZER_NONNULL = YES;
				CLANG_ANALYZER_NUMBER_OBJECT_CONVERSION = YES_AGGRESSIVE;
				CLANG_CXX_LANGUAGE_STANDARD = "gnu++14";
				CLANG_CXX_LIBRARY = "libc++";
				CLANG_ENABLE_MODULES = YES;
				CLANG_ENABLE_OBJC_ARC = YES;
				CLANG_ENABLE_OBJC_WEAK = YES;
				CLANG_WARN_BLOCK_CAPTURE_AUTORELEASING = YES;
				CLANG_WARN_BOOL_CONVERSION = YES;
				CLANG_WARN_COMMA = YES;
				CLANG_WARN_CONSTANT_CONVERSION = YES;
				CLANG_WARN_DEPRECATED_OBJC_IMPLEMENTATIONS = YES;
				CLANG_WARN_DIRECT_OBJC_ISA_USAGE = YES_ERROR;
				CLANG_WARN_DOCUMENTATION_COMMENTS = YES;
				CLANG_WARN_EMPTY_BODY = YES;
				CLANG_WARN_ENUM_CONVERSION = YES;
				CLANG_WARN_INFINITE_RECURSION = YES;
				CLANG_WARN_INT_CONVERSION = YES;
				CLANG_WARN_NON_LITERAL_NULL_CONVERSION = YES;
				CLANG_WARN_OBJC_IMPLICIT_RETAIN_SELF = YES;
				CLANG_WARN_OBJC_LITERAL_CONVERSION = YES;
				CLANG_WARN_OBJC_ROOT_CLASS = YES_ERROR;
				CLANG_WARN_RANGE_LOOP_ANALYSIS = YES;
				CLANG_WARN_STRICT_PROTOTYPES = YES;
				CLANG_WARN_SUSPICIOUS_MOVE = YES;
				CLANG_WARN_UNGUARDED_AVAILABILITY = YES_AGGRESSIVE;
				CLANG_WARN_UNREACHABLE_CODE = YES;
				CLANG_WARN__DUPLICATE_METHOD_MATCH = YES;
				CODE_SIGN_IDENTITY = "iPhone Developer";
				COPY_PHASE_STRIP = NO;
				CURRENT_PROJECT_VERSION = 1;
				DEBUG_INFORMATION_FORMAT = dwarf;
				ENABLE_STRICT_OBJC_MSGSEND = YES;
				ENABLE_TESTABILITY = YES;
				GCC_C_LANGUAGE_STANDARD = gnu11;
				GCC_DYNAMIC_NO_PIC = NO;
				GCC_NO_COMMON_BLOCKS = YES;
				GCC_OPTIMIZATION_LEVEL = 0;
				GCC_PREPROCESSOR_DEFINITIONS = (
					"DEBUG=1",
					"$(inherited)",
				);
				GCC_WARN_64_TO_32_BIT_CONVERSION = YES;
				GCC_WARN_ABOUT_RETURN_TYPE = YES_ERROR;
				GCC_WARN_UNDECLARED_SELECTOR = YES;
				GCC_WARN_UNINITIALIZED_AUTOS = YES_AGGRESSIVE;
				GCC_WARN_UNUSED_FUNCTION = YES;
				GCC_WARN_UNUSED_VARIABLE = YES;
				IPHONEOS_DEPLOYMENT_TARGET = 12.1;
				MTL_ENABLE_DEBUG_INFO = INCLUDE_SOURCE;
				MTL_FAST_MATH = YES;
				ONLY_ACTIVE_ARCH = YES;
				SDKROOT = iphoneos;
				SWIFT_ACTIVE_COMPILATION_CONDITIONS = DEBUG;
				SWIFT_OPTIMIZATION_LEVEL = "-Onone";
				VERSIONING_SYSTEM = "apple-generic";
				VERSION_INFO_PREFIX = "";
			};
			name = Debug;
		};
		C83901A3223D82660092A9DF /* Release */ = {
			isa = XCBuildConfiguration;
			buildSettings = {
				ALWAYS_SEARCH_USER_PATHS = NO;
				CLANG_ANALYZER_NONNULL = YES;
				CLANG_ANALYZER_NUMBER_OBJECT_CONVERSION = YES_AGGRESSIVE;
				CLANG_CXX_LANGUAGE_STANDARD = "gnu++14";
				CLANG_CXX_LIBRARY = "libc++";
				CLANG_ENABLE_MODULES = YES;
				CLANG_ENABLE_OBJC_ARC = YES;
				CLANG_ENABLE_OBJC_WEAK = YES;
				CLANG_WARN_BLOCK_CAPTURE_AUTORELEASING = YES;
				CLANG_WARN_BOOL_CONVERSION = YES;
				CLANG_WARN_COMMA = YES;
				CLANG_WARN_CONSTANT_CONVERSION = YES;
				CLANG_WARN_DEPRECATED_OBJC_IMPLEMENTATIONS = YES;
				CLANG_WARN_DIRECT_OBJC_ISA_USAGE = YES_ERROR;
				CLANG_WARN_DOCUMENTATION_COMMENTS = YES;
				CLANG_WARN_EMPTY_BODY = YES;
				CLANG_WARN_ENUM_CONVERSION = YES;
				CLANG_WARN_INFINITE_RECURSION = YES;
				CLANG_WARN_INT_CONVERSION = YES;
				CLANG_WARN_NON_LITERAL_NULL_CONVERSION = YES;
				CLANG_WARN_OBJC_IMPLICIT_RETAIN_SELF = YES;
				CLANG_WARN_OBJC_LITERAL_CONVERSION = YES;
				CLANG_WARN_OBJC_ROOT_CLASS = YES_ERROR;
				CLANG_WARN_RANGE_LOOP_ANALYSIS = YES;
				CLANG_WARN_STRICT_PROTOTYPES = YES;
				CLANG_WARN_SUSPICIOUS_MOVE = YES;
				CLANG_WARN_UNGUARDED_AVAILABILITY = YES_AGGRESSIVE;
				CLANG_WARN_UNREACHABLE_CODE = YES;
				CLANG_WARN__DUPLICATE_METHOD_MATCH = YES;
				CODE_SIGN_IDENTITY = "iPhone Developer";
				COPY_PHASE_STRIP = NO;
				CURRENT_PROJECT_VERSION = 1;
				DEBUG_INFORMATION_FORMAT = "dwarf-with-dsym";
				ENABLE_NS_ASSERTIONS = NO;
				ENABLE_STRICT_OBJC_MSGSEND = YES;
				GCC_C_LANGUAGE_STANDARD = gnu11;
				GCC_NO_COMMON_BLOCKS = YES;
				GCC_WARN_64_TO_32_BIT_CONVERSION = YES;
				GCC_WARN_ABOUT_RETURN_TYPE = YES_ERROR;
				GCC_WARN_UNDECLARED_SELECTOR = YES;
				GCC_WARN_UNINITIALIZED_AUTOS = YES_AGGRESSIVE;
				GCC_WARN_UNUSED_FUNCTION = YES;
				GCC_WARN_UNUSED_VARIABLE = YES;
				IPHONEOS_DEPLOYMENT_TARGET = 12.1;
				MTL_ENABLE_DEBUG_INFO = NO;
				MTL_FAST_MATH = YES;
				SDKROOT = iphoneos;
				SWIFT_COMPILATION_MODE = wholemodule;
				SWIFT_OPTIMIZATION_LEVEL = "-O";
				VALIDATE_PRODUCT = YES;
				VERSIONING_SYSTEM = "apple-generic";
				VERSION_INFO_PREFIX = "";
			};
			name = Release;
		};
		C83901A5223D82660092A9DF /* Debug */ = {
			isa = XCBuildConfiguration;
			baseConfigurationReference = 6F4FE746F32F5FD2E90B9482 /* Pods-PocketSwift.debug.xcconfig */;
			buildSettings = {
				CLANG_ENABLE_MODULES = YES;
				CODE_SIGN_IDENTITY = "";
				CODE_SIGN_STYLE = Automatic;
				DEFINES_MODULE = YES;
				DEVELOPMENT_TEAM = 92ZQH7W9RZ;
				DYLIB_COMPATIBILITY_VERSION = 1;
				DYLIB_CURRENT_VERSION = 1;
				DYLIB_INSTALL_NAME_BASE = "@rpath";
				INFOPLIST_FILE = PocketSwift/Info.plist;
				INSTALL_PATH = "$(LOCAL_LIBRARY_DIR)/Frameworks";
				LD_RUNPATH_SEARCH_PATHS = (
					"$(inherited)",
					"@executable_path/Frameworks",
					"@loader_path/Frameworks",
				);
				PRODUCT_BUNDLE_IDENTIFIER = Pokt.PocketSwift;
				PRODUCT_NAME = "$(TARGET_NAME:c99extidentifier)";
				SKIP_INSTALL = YES;
				SWIFT_OPTIMIZATION_LEVEL = "-Onone";
				SWIFT_VERSION = 4.2;
				TARGETED_DEVICE_FAMILY = "1,2";
			};
			name = Debug;
		};
		C83901A6223D82660092A9DF /* Release */ = {
			isa = XCBuildConfiguration;
			baseConfigurationReference = A5ABEF640813FC6CE6759229 /* Pods-PocketSwift.release.xcconfig */;
			buildSettings = {
				CLANG_ENABLE_MODULES = YES;
				CODE_SIGN_IDENTITY = "";
				CODE_SIGN_STYLE = Automatic;
				DEFINES_MODULE = YES;
				DEVELOPMENT_TEAM = 92ZQH7W9RZ;
				DYLIB_COMPATIBILITY_VERSION = 1;
				DYLIB_CURRENT_VERSION = 1;
				DYLIB_INSTALL_NAME_BASE = "@rpath";
				INFOPLIST_FILE = PocketSwift/Info.plist;
				INSTALL_PATH = "$(LOCAL_LIBRARY_DIR)/Frameworks";
				LD_RUNPATH_SEARCH_PATHS = (
					"$(inherited)",
					"@executable_path/Frameworks",
					"@loader_path/Frameworks",
				);
				PRODUCT_BUNDLE_IDENTIFIER = Pokt.PocketSwift;
				PRODUCT_NAME = "$(TARGET_NAME:c99extidentifier)";
				SKIP_INSTALL = YES;
				SWIFT_VERSION = 4.2;
				TARGETED_DEVICE_FAMILY = "1,2";
			};
			name = Release;
		};
		C83901A8223D82660092A9DF /* Debug */ = {
			isa = XCBuildConfiguration;
			baseConfigurationReference = 4E15465B2934C5ED0BC6239C /* Pods-PocketSwiftTests.debug.xcconfig */;
			buildSettings = {
				ALWAYS_EMBED_SWIFT_STANDARD_LIBRARIES = YES;
				CODE_SIGN_STYLE = Automatic;
				DEVELOPMENT_TEAM = 92ZQH7W9RZ;
				INFOPLIST_FILE = PocketSwiftTests/Info.plist;
				LD_RUNPATH_SEARCH_PATHS = (
					"$(inherited)",
					"@executable_path/Frameworks",
					"@loader_path/Frameworks",
				);
				PRODUCT_BUNDLE_IDENTIFIER = Pokt.PocketSwiftTests;
				PRODUCT_NAME = "$(TARGET_NAME)";
				SWIFT_VERSION = 4.2;
				TARGETED_DEVICE_FAMILY = "1,2";
			};
			name = Debug;
		};
		C83901A9223D82660092A9DF /* Release */ = {
			isa = XCBuildConfiguration;
			baseConfigurationReference = F134964CF4DC5419172A8474 /* Pods-PocketSwiftTests.release.xcconfig */;
			buildSettings = {
				ALWAYS_EMBED_SWIFT_STANDARD_LIBRARIES = YES;
				CODE_SIGN_STYLE = Automatic;
				DEVELOPMENT_TEAM = 92ZQH7W9RZ;
				INFOPLIST_FILE = PocketSwiftTests/Info.plist;
				LD_RUNPATH_SEARCH_PATHS = (
					"$(inherited)",
					"@executable_path/Frameworks",
					"@loader_path/Frameworks",
				);
				PRODUCT_BUNDLE_IDENTIFIER = Pokt.PocketSwiftTests;
				PRODUCT_NAME = "$(TARGET_NAME)";
				SWIFT_VERSION = 4.2;
				TARGETED_DEVICE_FAMILY = "1,2";
			};
			name = Release;
		};
/* End XCBuildConfiguration section */

/* Begin XCConfigurationList section */
		C839018A223D82660092A9DF /* Build configuration list for PBXProject "PocketSwift" */ = {
			isa = XCConfigurationList;
			buildConfigurations = (
				C83901A2223D82660092A9DF /* Debug */,
				C83901A3223D82660092A9DF /* Release */,
			);
			defaultConfigurationIsVisible = 0;
			defaultConfigurationName = Release;
		};
		C83901A4223D82660092A9DF /* Build configuration list for PBXNativeTarget "PocketSwift" */ = {
			isa = XCConfigurationList;
			buildConfigurations = (
				C83901A5223D82660092A9DF /* Debug */,
				C83901A6223D82660092A9DF /* Release */,
			);
			defaultConfigurationIsVisible = 0;
			defaultConfigurationName = Release;
		};
		C83901A7223D82660092A9DF /* Build configuration list for PBXNativeTarget "PocketSwiftTests" */ = {
			isa = XCConfigurationList;
			buildConfigurations = (
				C83901A8223D82660092A9DF /* Debug */,
				C83901A9223D82660092A9DF /* Release */,
			);
			defaultConfigurationIsVisible = 0;
			defaultConfigurationName = Release;
		};
/* End XCConfigurationList section */
	};
	rootObject = C8390187223D82660092A9DF /* Project object */;
}
